// !$*UTF8*$!
{
	archiveVersion = 1;
	classes = {
	};
	objectVersion = 50;
	objects = {

/* Begin PBXBuildFile section */
		CDF28F8F26B07C8C00241F13 /* AppDelegate.swift in Sources */ = {isa = PBXBuildFile; fileRef = CDF28F8E26B07C8C00241F13 /* AppDelegate.swift */; };
		CDF28F9126B07C8C00241F13 /* SceneDelegate.swift in Sources */ = {isa = PBXBuildFile; fileRef = CDF28F9026B07C8C00241F13 /* SceneDelegate.swift */; };
		CDF28F9326B07C8C00241F13 /* ViewController.swift in Sources */ = {isa = PBXBuildFile; fileRef = CDF28F9226B07C8C00241F13 /* ViewController.swift */; };
		CDF28F9626B07C8C00241F13 /* Main.storyboard in Resources */ = {isa = PBXBuildFile; fileRef = CDF28F9426B07C8C00241F13 /* Main.storyboard */; };
		CDF28F9826B07C9000241F13 /* Assets.xcassets in Resources */ = {isa = PBXBuildFile; fileRef = CDF28F9726B07C9000241F13 /* Assets.xcassets */; };
		CDF28F9B26B07C9000241F13 /* LaunchScreen.storyboard in Resources */ = {isa = PBXBuildFile; fileRef = CDF28F9926B07C9000241F13 /* LaunchScreen.storyboard */; };
		CDF28FAC26B08EF800241F13 /* addStoryboard.storyboard in Resources */ = {isa = PBXBuildFile; fileRef = CDF28FAB26B08EF800241F13 /* addStoryboard.storyboard */; };
		CDF28FAE26B08F6900241F13 /* closetStoryboard.storyboard in Resources */ = {isa = PBXBuildFile; fileRef = CDF28FAD26B08F6900241F13 /* closetStoryboard.storyboard */; };
		F85A4BA026BB27540020B5F0 /* ClothesConfigurationViewController.swift in Sources */ = {isa = PBXBuildFile; fileRef = F85A4B9F26BB27540020B5F0 /* ClothesConfigurationViewController.swift */; };
		F85A4BA226C1A48D0020B5F0 /* ModalViewController.swift in Sources */ = {isa = PBXBuildFile; fileRef = F85A4BA126C1A48D0020B5F0 /* ModalViewController.swift */; };
		F85A4BA526C1B2450020B5F0 /* FullSizeClothesViewController.swift in Sources */ = {isa = PBXBuildFile; fileRef = F85A4BA426C1B2450020B5F0 /* FullSizeClothesViewController.swift */; };
		F85A4BA726C1B2660020B5F0 /* TopClothesViewController.swift in Sources */ = {isa = PBXBuildFile; fileRef = F85A4BA626C1B2660020B5F0 /* TopClothesViewController.swift */; };
		F85A4BA926C1B2810020B5F0 /* BottomClothesViewController.swift in Sources */ = {isa = PBXBuildFile; fileRef = F85A4BA826C1B2810020B5F0 /* BottomClothesViewController.swift */; };
		F85A4BAB26C1B2960020B5F0 /* ShoesViewController.swift in Sources */ = {isa = PBXBuildFile; fileRef = F85A4BAA26C1B2960020B5F0 /* ShoesViewController.swift */; };
		FD08F82B26B86AF4003E0C9C /* settingsStoryboard.storyboard in Resources */ = {isa = PBXBuildFile; fileRef = FD08F82A26B86AF4003E0C9C /* settingsStoryboard.storyboard */; };
		FD08F82D26B86B02003E0C9C /* createStoryboard.storyboard in Resources */ = {isa = PBXBuildFile; fileRef = FD08F82C26B86B02003E0C9C /* createStoryboard.storyboard */; };
		FD08F82F26B86B0B003E0C9C /* todayStoryboard.storyboard in Resources */ = {isa = PBXBuildFile; fileRef = FD08F82E26B86B0B003E0C9C /* todayStoryboard.storyboard */; };
		FD08F83126B86B6C003E0C9C /* CustomModalViewController.swift in Sources */ = {isa = PBXBuildFile; fileRef = FD08F83026B86B6C003E0C9C /* CustomModalViewController.swift */; };
		FD430BE726B3236F00F31DD2 /* TabBarController.swift in Sources */ = {isa = PBXBuildFile; fileRef = FD430BE626B3236E00F31DD2 /* TabBarController.swift */; };
		FD430BE926B3329700F31DD2 /* AddNavigationController.swift in Sources */ = {isa = PBXBuildFile; fileRef = FD430BE826B3329700F31DD2 /* AddNavigationController.swift */; };
		FD4CE71326B9AB730014B05F /* WhiteBoardViewController.swift in Sources */ = {isa = PBXBuildFile; fileRef = FD4CE71226B9AB730014B05F /* WhiteBoardViewController.swift */; };
		FD4CE71626B9DDEC0014B05F /* DrawingView.swift in Sources */ = {isa = PBXBuildFile; fileRef = FD4CE71526B9DDEC0014B05F /* DrawingView.swift */; };
		FD4CE72A26B9DDF60014B05F /* Array+Extensions.swift in Sources */ = {isa = PBXBuildFile; fileRef = FD4CE71826B9DDF60014B05F /* Array+Extensions.swift */; };
		FD4CE72B26B9DDF60014B05F /* Math.swift in Sources */ = {isa = PBXBuildFile; fileRef = FD4CE71926B9DDF60014B05F /* Math.swift */; };
		FD4CE72C26B9DDF60014B05F /* UIImage+CVPixelBuffer.swift in Sources */ = {isa = PBXBuildFile; fileRef = FD4CE71A26B9DDF60014B05F /* UIImage+CVPixelBuffer.swift */; };
		FD4CE72D26B9DDF60014B05F /* Predictions.swift in Sources */ = {isa = PBXBuildFile; fileRef = FD4CE71B26B9DDF60014B05F /* Predictions.swift */; };
		FD4CE72E26B9DDF60014B05F /* UIImage+Extensions.swift in Sources */ = {isa = PBXBuildFile; fileRef = FD4CE71C26B9DDF60014B05F /* UIImage+Extensions.swift */; };
		FD4CE72F26B9DDF60014B05F /* CGImagePropertyOrientation.swift in Sources */ = {isa = PBXBuildFile; fileRef = FD4CE71D26B9DDF60014B05F /* CGImagePropertyOrientation.swift */; };
		FD4CE73026B9DDF60014B05F /* UIImage+RawBytes.swift in Sources */ = {isa = PBXBuildFile; fileRef = FD4CE71E26B9DDF60014B05F /* UIImage+RawBytes.swift */; };
		FD4CE73126B9DDF60014B05F /* MLMultiArray+Helpers.swift in Sources */ = {isa = PBXBuildFile; fileRef = FD4CE71F26B9DDF60014B05F /* MLMultiArray+Helpers.swift */; };
		FD4CE73226B9DDF60014B05F /* MLModel+Images.swift in Sources */ = {isa = PBXBuildFile; fileRef = FD4CE72026B9DDF60014B05F /* MLModel+Images.swift */; };
		FD4CE73326B9DDF60014B05F /* CoreML+Combine.swift in Sources */ = {isa = PBXBuildFile; fileRef = FD4CE72126B9DDF60014B05F /* CoreML+Combine.swift */; };
		FD4CE73426B9DDF60014B05F /* CVPixelBuffer+Create.swift in Sources */ = {isa = PBXBuildFile; fileRef = FD4CE72226B9DDF60014B05F /* CVPixelBuffer+Create.swift */; };
		FD4CE73526B9DDF60014B05F /* CGImage+CVPixelBuffer.swift in Sources */ = {isa = PBXBuildFile; fileRef = FD4CE72326B9DDF60014B05F /* CGImage+CVPixelBuffer.swift */; };
		FD4CE73626B9DDF60014B05F /* NonMaxSuppression.swift in Sources */ = {isa = PBXBuildFile; fileRef = FD4CE72426B9DDF60014B05F /* NonMaxSuppression.swift */; };
		FD4CE73726B9DDF60014B05F /* CGImage+RawBytes.swift in Sources */ = {isa = PBXBuildFile; fileRef = FD4CE72526B9DDF60014B05F /* CGImage+RawBytes.swift */; };
		FD4CE73826B9DDF60014B05F /* MLMultiArray+Image.swift in Sources */ = {isa = PBXBuildFile; fileRef = FD4CE72626B9DDF60014B05F /* MLMultiArray+Image.swift */; };
		FD4CE73926B9DDF60014B05F /* CVPixelBuffer+Resize.swift in Sources */ = {isa = PBXBuildFile; fileRef = FD4CE72726B9DDF60014B05F /* CVPixelBuffer+Resize.swift */; };
		FD4CE73A26B9DDF60014B05F /* CVPixelBuffer+Rotate.swift in Sources */ = {isa = PBXBuildFile; fileRef = FD4CE72826B9DDF60014B05F /* CVPixelBuffer+Rotate.swift */; };
		FD4CE73B26B9DDF60014B05F /* DeepLabV3.mlmodel in Sources */ = {isa = PBXBuildFile; fileRef = FD4CE72926B9DDF60014B05F /* DeepLabV3.mlmodel */; };
/* End PBXBuildFile section */

/* Begin PBXFileReference section */
		CDF28F8B26B07C8C00241F13 /* ProjectClothes.app */ = {isa = PBXFileReference; explicitFileType = wrapper.application; includeInIndex = 0; path = ProjectClothes.app; sourceTree = BUILT_PRODUCTS_DIR; };
		CDF28F8E26B07C8C00241F13 /* AppDelegate.swift */ = {isa = PBXFileReference; lastKnownFileType = sourcecode.swift; path = AppDelegate.swift; sourceTree = "<group>"; };
		CDF28F9026B07C8C00241F13 /* SceneDelegate.swift */ = {isa = PBXFileReference; lastKnownFileType = sourcecode.swift; path = SceneDelegate.swift; sourceTree = "<group>"; };
		CDF28F9226B07C8C00241F13 /* ViewController.swift */ = {isa = PBXFileReference; lastKnownFileType = sourcecode.swift; path = ViewController.swift; sourceTree = "<group>"; };
		CDF28F9526B07C8C00241F13 /* Base */ = {isa = PBXFileReference; lastKnownFileType = file.storyboard; name = Base; path = Base.lproj/Main.storyboard; sourceTree = "<group>"; };
		CDF28F9726B07C9000241F13 /* Assets.xcassets */ = {isa = PBXFileReference; lastKnownFileType = folder.assetcatalog; path = Assets.xcassets; sourceTree = "<group>"; };
		CDF28F9A26B07C9000241F13 /* Base */ = {isa = PBXFileReference; lastKnownFileType = file.storyboard; name = Base; path = Base.lproj/LaunchScreen.storyboard; sourceTree = "<group>"; };
		CDF28F9C26B07C9000241F13 /* Info.plist */ = {isa = PBXFileReference; lastKnownFileType = text.plist.xml; path = Info.plist; sourceTree = "<group>"; };
		CDF28FAB26B08EF800241F13 /* addStoryboard.storyboard */ = {isa = PBXFileReference; lastKnownFileType = file.storyboard; path = addStoryboard.storyboard; sourceTree = "<group>"; };
		CDF28FAD26B08F6900241F13 /* closetStoryboard.storyboard */ = {isa = PBXFileReference; lastKnownFileType = file.storyboard; path = closetStoryboard.storyboard; sourceTree = "<group>"; };
		F85A4B9F26BB27540020B5F0 /* ClothesConfigurationViewController.swift */ = {isa = PBXFileReference; lastKnownFileType = sourcecode.swift; path = ClothesConfigurationViewController.swift; sourceTree = "<group>"; };
		F85A4BA126C1A48D0020B5F0 /* ModalViewController.swift */ = {isa = PBXFileReference; lastKnownFileType = sourcecode.swift; name = ModalViewController.swift; path = ProjectClothes/Add/ModalCategories/ModalViewController.swift; sourceTree = SOURCE_ROOT; };
		F85A4BA426C1B2450020B5F0 /* FullSizeClothesViewController.swift */ = {isa = PBXFileReference; lastKnownFileType = sourcecode.swift; name = FullSizeClothesViewController.swift; path = ProjectClothes/Add/FullSizeClothesViewController.swift; sourceTree = SOURCE_ROOT; };
		F85A4BA626C1B2660020B5F0 /* TopClothesViewController.swift */ = {isa = PBXFileReference; lastKnownFileType = sourcecode.swift; name = TopClothesViewController.swift; path = ProjectClothes/Add/TopClothesViewController.swift; sourceTree = SOURCE_ROOT; };
		F85A4BA826C1B2810020B5F0 /* BottomClothesViewController.swift */ = {isa = PBXFileReference; lastKnownFileType = sourcecode.swift; name = BottomClothesViewController.swift; path = ProjectClothes/Add/BottomClothesViewController.swift; sourceTree = SOURCE_ROOT; };
		F85A4BAA26C1B2960020B5F0 /* ShoesViewController.swift */ = {isa = PBXFileReference; lastKnownFileType = sourcecode.swift; name = ShoesViewController.swift; path = ProjectClothes/Add/ShoesViewController.swift; sourceTree = SOURCE_ROOT; };
		FD08F82A26B86AF4003E0C9C /* settingsStoryboard.storyboard */ = {isa = PBXFileReference; fileEncoding = 4; lastKnownFileType = file.storyboard; path = settingsStoryboard.storyboard; sourceTree = "<group>"; };
		FD08F82C26B86B02003E0C9C /* createStoryboard.storyboard */ = {isa = PBXFileReference; fileEncoding = 4; lastKnownFileType = file.storyboard; path = createStoryboard.storyboard; sourceTree = "<group>"; };
		FD08F82E26B86B0B003E0C9C /* todayStoryboard.storyboard */ = {isa = PBXFileReference; fileEncoding = 4; lastKnownFileType = file.storyboard; path = todayStoryboard.storyboard; sourceTree = "<group>"; };
		FD08F83026B86B6C003E0C9C /* CustomModalViewController.swift */ = {isa = PBXFileReference; lastKnownFileType = sourcecode.swift; path = CustomModalViewController.swift; sourceTree = "<group>"; };
		FD430BE626B3236E00F31DD2 /* TabBarController.swift */ = {isa = PBXFileReference; lastKnownFileType = sourcecode.swift; path = TabBarController.swift; sourceTree = "<group>"; };
		FD430BE826B3329700F31DD2 /* AddNavigationController.swift */ = {isa = PBXFileReference; lastKnownFileType = sourcecode.swift; path = AddNavigationController.swift; sourceTree = "<group>"; };
		FD4CE71226B9AB730014B05F /* WhiteBoardViewController.swift */ = {isa = PBXFileReference; lastKnownFileType = sourcecode.swift; path = WhiteBoardViewController.swift; sourceTree = "<group>"; };
		FD4CE71526B9DDEC0014B05F /* DrawingView.swift */ = {isa = PBXFileReference; fileEncoding = 4; lastKnownFileType = sourcecode.swift; path = DrawingView.swift; sourceTree = "<group>"; };
		FD4CE71826B9DDF60014B05F /* Array+Extensions.swift */ = {isa = PBXFileReference; fileEncoding = 4; lastKnownFileType = sourcecode.swift; path = "Array+Extensions.swift"; sourceTree = "<group>"; };
		FD4CE71926B9DDF60014B05F /* Math.swift */ = {isa = PBXFileReference; fileEncoding = 4; lastKnownFileType = sourcecode.swift; path = Math.swift; sourceTree = "<group>"; };
		FD4CE71A26B9DDF60014B05F /* UIImage+CVPixelBuffer.swift */ = {isa = PBXFileReference; fileEncoding = 4; lastKnownFileType = sourcecode.swift; path = "UIImage+CVPixelBuffer.swift"; sourceTree = "<group>"; };
		FD4CE71B26B9DDF60014B05F /* Predictions.swift */ = {isa = PBXFileReference; fileEncoding = 4; lastKnownFileType = sourcecode.swift; path = Predictions.swift; sourceTree = "<group>"; };
		FD4CE71C26B9DDF60014B05F /* UIImage+Extensions.swift */ = {isa = PBXFileReference; fileEncoding = 4; lastKnownFileType = sourcecode.swift; path = "UIImage+Extensions.swift"; sourceTree = "<group>"; };
		FD4CE71D26B9DDF60014B05F /* CGImagePropertyOrientation.swift */ = {isa = PBXFileReference; fileEncoding = 4; lastKnownFileType = sourcecode.swift; path = CGImagePropertyOrientation.swift; sourceTree = "<group>"; };
		FD4CE71E26B9DDF60014B05F /* UIImage+RawBytes.swift */ = {isa = PBXFileReference; fileEncoding = 4; lastKnownFileType = sourcecode.swift; path = "UIImage+RawBytes.swift"; sourceTree = "<group>"; };
		FD4CE71F26B9DDF60014B05F /* MLMultiArray+Helpers.swift */ = {isa = PBXFileReference; fileEncoding = 4; lastKnownFileType = sourcecode.swift; path = "MLMultiArray+Helpers.swift"; sourceTree = "<group>"; };
		FD4CE72026B9DDF60014B05F /* MLModel+Images.swift */ = {isa = PBXFileReference; fileEncoding = 4; lastKnownFileType = sourcecode.swift; path = "MLModel+Images.swift"; sourceTree = "<group>"; };
		FD4CE72126B9DDF60014B05F /* CoreML+Combine.swift */ = {isa = PBXFileReference; fileEncoding = 4; lastKnownFileType = sourcecode.swift; path = "CoreML+Combine.swift"; sourceTree = "<group>"; };
		FD4CE72226B9DDF60014B05F /* CVPixelBuffer+Create.swift */ = {isa = PBXFileReference; fileEncoding = 4; lastKnownFileType = sourcecode.swift; path = "CVPixelBuffer+Create.swift"; sourceTree = "<group>"; };
		FD4CE72326B9DDF60014B05F /* CGImage+CVPixelBuffer.swift */ = {isa = PBXFileReference; fileEncoding = 4; lastKnownFileType = sourcecode.swift; path = "CGImage+CVPixelBuffer.swift"; sourceTree = "<group>"; };
		FD4CE72426B9DDF60014B05F /* NonMaxSuppression.swift */ = {isa = PBXFileReference; fileEncoding = 4; lastKnownFileType = sourcecode.swift; path = NonMaxSuppression.swift; sourceTree = "<group>"; };
		FD4CE72526B9DDF60014B05F /* CGImage+RawBytes.swift */ = {isa = PBXFileReference; fileEncoding = 4; lastKnownFileType = sourcecode.swift; path = "CGImage+RawBytes.swift"; sourceTree = "<group>"; };
		FD4CE72626B9DDF60014B05F /* MLMultiArray+Image.swift */ = {isa = PBXFileReference; fileEncoding = 4; lastKnownFileType = sourcecode.swift; path = "MLMultiArray+Image.swift"; sourceTree = "<group>"; };
		FD4CE72726B9DDF60014B05F /* CVPixelBuffer+Resize.swift */ = {isa = PBXFileReference; fileEncoding = 4; lastKnownFileType = sourcecode.swift; path = "CVPixelBuffer+Resize.swift"; sourceTree = "<group>"; };
		FD4CE72826B9DDF60014B05F /* CVPixelBuffer+Rotate.swift */ = {isa = PBXFileReference; fileEncoding = 4; lastKnownFileType = sourcecode.swift; path = "CVPixelBuffer+Rotate.swift"; sourceTree = "<group>"; };
		FD4CE72926B9DDF60014B05F /* DeepLabV3.mlmodel */ = {isa = PBXFileReference; lastKnownFileType = file.mlmodel; path = DeepLabV3.mlmodel; sourceTree = "<group>"; };
/* End PBXFileReference section */

/* Begin PBXFrameworksBuildPhase section */
		CDF28F8826B07C8C00241F13 /* Frameworks */ = {
			isa = PBXFrameworksBuildPhase;
			buildActionMask = 2147483647;
			files = (
			);
			runOnlyForDeploymentPostprocessing = 0;
		};
/* End PBXFrameworksBuildPhase section */

/* Begin PBXGroup section */
		CDF28F8226B07C8C00241F13 = {
			isa = PBXGroup;
			children = (
				CDF28F8D26B07C8C00241F13 /* ProjectClothes */,
				CDF28F8C26B07C8C00241F13 /* Products */,
			);
			sourceTree = "<group>";
		};
		CDF28F8C26B07C8C00241F13 /* Products */ = {
			isa = PBXGroup;
			children = (
				CDF28F8B26B07C8C00241F13 /* ProjectClothes.app */,
			);
			name = Products;
			sourceTree = "<group>";
		};
		CDF28F8D26B07C8C00241F13 /* ProjectClothes */ = {
			isa = PBXGroup;
			children = (
				FD08F82926B86AF4003E0C9C /* Settings */,
				FD23EEC126B1D1F4009FF48C /* Create */,
				FD23EEBE26B1D1C6009FF48C /* Today */,
				CDF28FA326B081A100241F13 /* Add */,
				CDF28FA226B0818E00241F13 /* Closet */,
				CDF28F8E26B07C8C00241F13 /* AppDelegate.swift */,
				CDF28F9026B07C8C00241F13 /* SceneDelegate.swift */,
				CDF28F9226B07C8C00241F13 /* ViewController.swift */,
				CDF28F9426B07C8C00241F13 /* Main.storyboard */,
				CDF28F9726B07C9000241F13 /* Assets.xcassets */,
				CDF28F9926B07C9000241F13 /* LaunchScreen.storyboard */,
				CDF28F9C26B07C9000241F13 /* Info.plist */,
				FD430BE626B3236E00F31DD2 /* TabBarController.swift */,
			);
			path = ProjectClothes;
			sourceTree = "<group>";
		};
		CDF28FA226B0818E00241F13 /* Closet */ = {
			isa = PBXGroup;
			children = (
				CDF28FAD26B08F6900241F13 /* closetStoryboard.storyboard */,
			);
			path = Closet;
			sourceTree = "<group>";
		};
		CDF28FA326B081A100241F13 /* Add */ = {
			isa = PBXGroup;
			children = (
				FD4CE71426B9DC580014B05F /* Ml */,
				F85A4BA326C1B1D90020B5F0 /* ModalCategories */,
				F85A4B9F26BB27540020B5F0 /* ClothesConfigurationViewController.swift */,
				FD08F83026B86B6C003E0C9C /* CustomModalViewController.swift */,
				FD4CE71526B9DDEC0014B05F /* DrawingView.swift */,
				CDF28FAB26B08EF800241F13 /* addStoryboard.storyboard */,
				FD430BE826B3329700F31DD2 /* AddNavigationController.swift */,
				FD4CE71226B9AB730014B05F /* WhiteBoardViewController.swift */,
				FD4CE71726B9DDF60014B05F /* CoreMLHelpers */,
			);
			path = Add;
			sourceTree = "<group>";
		};
		F85A4BA326C1B1D90020B5F0 /* ModalCategories */ = {
			isa = PBXGroup;
			children = (
				F85A4BA126C1A48D0020B5F0 /* ModalViewController.swift */,
				F85A4BA426C1B2450020B5F0 /* FullSizeClothesViewController.swift */,
				F85A4BA626C1B2660020B5F0 /* TopClothesViewController.swift */,
				F85A4BA826C1B2810020B5F0 /* BottomClothesViewController.swift */,
				F85A4BAA26C1B2960020B5F0 /* ShoesViewController.swift */,
			);
			path = ModalCategories;
			sourceTree = "<group>";
		};
		FD08F82926B86AF4003E0C9C /* Settings */ = {
			isa = PBXGroup;
			children = (
				FD08F82A26B86AF4003E0C9C /* settingsStoryboard.storyboard */,
			);
			path = Settings;
			sourceTree = "<group>";
		};
		FD23EEBE26B1D1C6009FF48C /* Today */ = {
			isa = PBXGroup;
			children = (
				FD08F82E26B86B0B003E0C9C /* todayStoryboard.storyboard */,
			);
			path = Today;
			sourceTree = "<group>";
		};
		FD23EEC126B1D1F4009FF48C /* Create */ = {
			isa = PBXGroup;
			children = (
				FD08F82C26B86B02003E0C9C /* createStoryboard.storyboard */,
			);
			path = Create;
			sourceTree = "<group>";
		};
		FD4CE71426B9DC580014B05F /* Ml */ = {
			isa = PBXGroup;
			children = (
				FD4CE72926B9DDF60014B05F /* DeepLabV3.mlmodel */,
			);
			path = Ml;
			sourceTree = "<group>";
		};
		FD4CE71726B9DDF60014B05F /* CoreMLHelpers */ = {
			isa = PBXGroup;
			children = (
				FD4CE71826B9DDF60014B05F /* Array+Extensions.swift */,
				FD4CE71926B9DDF60014B05F /* Math.swift */,
				FD4CE71A26B9DDF60014B05F /* UIImage+CVPixelBuffer.swift */,
				FD4CE71B26B9DDF60014B05F /* Predictions.swift */,
				FD4CE71C26B9DDF60014B05F /* UIImage+Extensions.swift */,
				FD4CE71D26B9DDF60014B05F /* CGImagePropertyOrientation.swift */,
				FD4CE71E26B9DDF60014B05F /* UIImage+RawBytes.swift */,
				FD4CE71F26B9DDF60014B05F /* MLMultiArray+Helpers.swift */,
				FD4CE72026B9DDF60014B05F /* MLModel+Images.swift */,
				FD4CE72126B9DDF60014B05F /* CoreML+Combine.swift */,
				FD4CE72226B9DDF60014B05F /* CVPixelBuffer+Create.swift */,
				FD4CE72326B9DDF60014B05F /* CGImage+CVPixelBuffer.swift */,
				FD4CE72426B9DDF60014B05F /* NonMaxSuppression.swift */,
				FD4CE72526B9DDF60014B05F /* CGImage+RawBytes.swift */,
				FD4CE72626B9DDF60014B05F /* MLMultiArray+Image.swift */,
				FD4CE72726B9DDF60014B05F /* CVPixelBuffer+Resize.swift */,
				FD4CE72826B9DDF60014B05F /* CVPixelBuffer+Rotate.swift */,
			);
			path = CoreMLHelpers;
			sourceTree = "<group>";
		};
/* End PBXGroup section */

/* Begin PBXNativeTarget section */
		CDF28F8A26B07C8C00241F13 /* ProjectClothes */ = {
			isa = PBXNativeTarget;
			buildConfigurationList = CDF28F9F26B07C9000241F13 /* Build configuration list for PBXNativeTarget "ProjectClothes" */;
			buildPhases = (
				CDF28F8726B07C8C00241F13 /* Sources */,
				CDF28F8826B07C8C00241F13 /* Frameworks */,
				CDF28F8926B07C8C00241F13 /* Resources */,
			);
			buildRules = (
			);
			dependencies = (
			);
			name = ProjectClothes;
			productName = ProjectClothes;
			productReference = CDF28F8B26B07C8C00241F13 /* ProjectClothes.app */;
			productType = "com.apple.product-type.application";
		};
/* End PBXNativeTarget section */

/* Begin PBXProject section */
		CDF28F8326B07C8C00241F13 /* Project object */ = {
			isa = PBXProject;
			attributes = {
				LastSwiftUpdateCheck = 1250;
				LastUpgradeCheck = 1250;
				TargetAttributes = {
					CDF28F8A26B07C8C00241F13 = {
						CreatedOnToolsVersion = 12.5.1;
					};
				};
			};
			buildConfigurationList = CDF28F8626B07C8C00241F13 /* Build configuration list for PBXProject "ProjectClothes" */;
			compatibilityVersion = "Xcode 9.3";
			developmentRegion = en;
			hasScannedForEncodings = 0;
			knownRegions = (
				en,
				Base,
			);
			mainGroup = CDF28F8226B07C8C00241F13;
			productRefGroup = CDF28F8C26B07C8C00241F13 /* Products */;
			projectDirPath = "";
			projectRoot = "";
			targets = (
				CDF28F8A26B07C8C00241F13 /* ProjectClothes */,
			);
		};
/* End PBXProject section */

/* Begin PBXResourcesBuildPhase section */
		CDF28F8926B07C8C00241F13 /* Resources */ = {
			isa = PBXResourcesBuildPhase;
			buildActionMask = 2147483647;
			files = (
				FD08F82B26B86AF4003E0C9C /* settingsStoryboard.storyboard in Resources */,
				FD08F82D26B86B02003E0C9C /* createStoryboard.storyboard in Resources */,
				CDF28FAE26B08F6900241F13 /* closetStoryboard.storyboard in Resources */,
				FD08F82F26B86B0B003E0C9C /* todayStoryboard.storyboard in Resources */,
				CDF28F9B26B07C9000241F13 /* LaunchScreen.storyboard in Resources */,
				CDF28F9826B07C9000241F13 /* Assets.xcassets in Resources */,
				CDF28F9626B07C8C00241F13 /* Main.storyboard in Resources */,
				CDF28FAC26B08EF800241F13 /* addStoryboard.storyboard in Resources */,
			);
			runOnlyForDeploymentPostprocessing = 0;
		};
/* End PBXResourcesBuildPhase section */

/* Begin PBXSourcesBuildPhase section */
		CDF28F8726B07C8C00241F13 /* Sources */ = {
			isa = PBXSourcesBuildPhase;
			buildActionMask = 2147483647;
			files = (
				CDF28F9326B07C8C00241F13 /* ViewController.swift in Sources */,
				FD4CE73626B9DDF60014B05F /* NonMaxSuppression.swift in Sources */,
				FD4CE73326B9DDF60014B05F /* CoreML+Combine.swift in Sources */,
				FD4CE72A26B9DDF60014B05F /* Array+Extensions.swift in Sources */,
				FD08F83126B86B6C003E0C9C /* CustomModalViewController.swift in Sources */,
				CDF28F8F26B07C8C00241F13 /* AppDelegate.swift in Sources */,
				FD4CE72D26B9DDF60014B05F /* Predictions.swift in Sources */,
				FD4CE72C26B9DDF60014B05F /* UIImage+CVPixelBuffer.swift in Sources */,
				FD4CE73126B9DDF60014B05F /* MLMultiArray+Helpers.swift in Sources */,
				FD4CE73426B9DDF60014B05F /* CVPixelBuffer+Create.swift in Sources */,
				FD4CE72F26B9DDF60014B05F /* CGImagePropertyOrientation.swift in Sources */,
				FD4CE71626B9DDEC0014B05F /* DrawingView.swift in Sources */,
				FD4CE73726B9DDF60014B05F /* CGImage+RawBytes.swift in Sources */,
				FD4CE73A26B9DDF60014B05F /* CVPixelBuffer+Rotate.swift in Sources */,
				FD4CE71326B9AB730014B05F /* WhiteBoardViewController.swift in Sources */,
				F85A4BA726C1B2660020B5F0 /* TopClothesViewController.swift in Sources */,
				FD4CE73826B9DDF60014B05F /* MLMultiArray+Image.swift in Sources */,
				FD430BE926B3329700F31DD2 /* AddNavigationController.swift in Sources */,
				FD430BE726B3236F00F31DD2 /* TabBarController.swift in Sources */,
				FD4CE72E26B9DDF60014B05F /* UIImage+Extensions.swift in Sources */,
				F85A4BA026BB27540020B5F0 /* ClothesConfigurationViewController.swift in Sources */,
				F85A4BAB26C1B2960020B5F0 /* ShoesViewController.swift in Sources */,
				F85A4BA926C1B2810020B5F0 /* BottomClothesViewController.swift in Sources */,
				F85A4BA226C1A48D0020B5F0 /* ModalViewController.swift in Sources */,
				FD4CE73B26B9DDF60014B05F /* DeepLabV3.mlmodel in Sources */,
				FD4CE73526B9DDF60014B05F /* CGImage+CVPixelBuffer.swift in Sources */,
				FD4CE73226B9DDF60014B05F /* MLModel+Images.swift in Sources */,
				FD4CE73026B9DDF60014B05F /* UIImage+RawBytes.swift in Sources */,
				CDF28F9126B07C8C00241F13 /* SceneDelegate.swift in Sources */,
				FD4CE72B26B9DDF60014B05F /* Math.swift in Sources */,
				F85A4BA526C1B2450020B5F0 /* FullSizeClothesViewController.swift in Sources */,
				FD4CE73926B9DDF60014B05F /* CVPixelBuffer+Resize.swift in Sources */,
			);
			runOnlyForDeploymentPostprocessing = 0;
		};
/* End PBXSourcesBuildPhase section */

/* Begin PBXVariantGroup section */
		CDF28F9426B07C8C00241F13 /* Main.storyboard */ = {
			isa = PBXVariantGroup;
			children = (
				CDF28F9526B07C8C00241F13 /* Base */,
			);
			name = Main.storyboard;
			sourceTree = "<group>";
		};
		CDF28F9926B07C9000241F13 /* LaunchScreen.storyboard */ = {
			isa = PBXVariantGroup;
			children = (
				CDF28F9A26B07C9000241F13 /* Base */,
			);
			name = LaunchScreen.storyboard;
			sourceTree = "<group>";
		};
/* End PBXVariantGroup section */

/* Begin XCBuildConfiguration section */
		CDF28F9D26B07C9000241F13 /* Debug */ = {
			isa = XCBuildConfiguration;
			buildSettings = {
				ALWAYS_SEARCH_USER_PATHS = NO;
				CLANG_ANALYZER_NONNULL = YES;
				CLANG_ANALYZER_NUMBER_OBJECT_CONVERSION = YES_AGGRESSIVE;
				CLANG_CXX_LANGUAGE_STANDARD = "gnu++14";
				CLANG_CXX_LIBRARY = "libc++";
				CLANG_ENABLE_MODULES = YES;
				CLANG_ENABLE_OBJC_ARC = YES;
				CLANG_ENABLE_OBJC_WEAK = YES;
				CLANG_WARN_BLOCK_CAPTURE_AUTORELEASING = YES;
				CLANG_WARN_BOOL_CONVERSION = YES;
				CLANG_WARN_COMMA = YES;
				CLANG_WARN_CONSTANT_CONVERSION = YES;
				CLANG_WARN_DEPRECATED_OBJC_IMPLEMENTATIONS = YES;
				CLANG_WARN_DIRECT_OBJC_ISA_USAGE = YES_ERROR;
				CLANG_WARN_DOCUMENTATION_COMMENTS = YES;
				CLANG_WARN_EMPTY_BODY = YES;
				CLANG_WARN_ENUM_CONVERSION = YES;
				CLANG_WARN_INFINITE_RECURSION = YES;
				CLANG_WARN_INT_CONVERSION = YES;
				CLANG_WARN_NON_LITERAL_NULL_CONVERSION = YES;
				CLANG_WARN_OBJC_IMPLICIT_RETAIN_SELF = YES;
				CLANG_WARN_OBJC_LITERAL_CONVERSION = YES;
				CLANG_WARN_OBJC_ROOT_CLASS = YES_ERROR;
				CLANG_WARN_QUOTED_INCLUDE_IN_FRAMEWORK_HEADER = YES;
				CLANG_WARN_RANGE_LOOP_ANALYSIS = YES;
				CLANG_WARN_STRICT_PROTOTYPES = YES;
				CLANG_WARN_SUSPICIOUS_MOVE = YES;
				CLANG_WARN_UNGUARDED_AVAILABILITY = YES_AGGRESSIVE;
				CLANG_WARN_UNREACHABLE_CODE = YES;
				CLANG_WARN__DUPLICATE_METHOD_MATCH = YES;
				COPY_PHASE_STRIP = NO;
				DEBUG_INFORMATION_FORMAT = dwarf;
				ENABLE_STRICT_OBJC_MSGSEND = YES;
				ENABLE_TESTABILITY = YES;
				GCC_C_LANGUAGE_STANDARD = gnu11;
				GCC_DYNAMIC_NO_PIC = NO;
				GCC_NO_COMMON_BLOCKS = YES;
				GCC_OPTIMIZATION_LEVEL = 0;
				GCC_PREPROCESSOR_DEFINITIONS = (
					"DEBUG=1",
					"$(inherited)",
				);
				GCC_WARN_64_TO_32_BIT_CONVERSION = YES;
				GCC_WARN_ABOUT_RETURN_TYPE = YES_ERROR;
				GCC_WARN_UNDECLARED_SELECTOR = YES;
				GCC_WARN_UNINITIALIZED_AUTOS = YES_AGGRESSIVE;
				GCC_WARN_UNUSED_FUNCTION = YES;
				GCC_WARN_UNUSED_VARIABLE = YES;
				IPHONEOS_DEPLOYMENT_TARGET = 14.5;
				MTL_ENABLE_DEBUG_INFO = INCLUDE_SOURCE;
				MTL_FAST_MATH = YES;
				ONLY_ACTIVE_ARCH = YES;
				SDKROOT = iphoneos;
				SWIFT_ACTIVE_COMPILATION_CONDITIONS = DEBUG;
				SWIFT_OPTIMIZATION_LEVEL = "-Onone";
			};
			name = Debug;
		};
		CDF28F9E26B07C9000241F13 /* Release */ = {
			isa = XCBuildConfiguration;
			buildSettings = {
				ALWAYS_SEARCH_USER_PATHS = NO;
				CLANG_ANALYZER_NONNULL = YES;
				CLANG_ANALYZER_NUMBER_OBJECT_CONVERSION = YES_AGGRESSIVE;
				CLANG_CXX_LANGUAGE_STANDARD = "gnu++14";
				CLANG_CXX_LIBRARY = "libc++";
				CLANG_ENABLE_MODULES = YES;
				CLANG_ENABLE_OBJC_ARC = YES;
				CLANG_ENABLE_OBJC_WEAK = YES;
				CLANG_WARN_BLOCK_CAPTURE_AUTORELEASING = YES;
				CLANG_WARN_BOOL_CONVERSION = YES;
				CLANG_WARN_COMMA = YES;
				CLANG_WARN_CONSTANT_CONVERSION = YES;
				CLANG_WARN_DEPRECATED_OBJC_IMPLEMENTATIONS = YES;
				CLANG_WARN_DIRECT_OBJC_ISA_USAGE = YES_ERROR;
				CLANG_WARN_DOCUMENTATION_COMMENTS = YES;
				CLANG_WARN_EMPTY_BODY = YES;
				CLANG_WARN_ENUM_CONVERSION = YES;
				CLANG_WARN_INFINITE_RECURSION = YES;
				CLANG_WARN_INT_CONVERSION = YES;
				CLANG_WARN_NON_LITERAL_NULL_CONVERSION = YES;
				CLANG_WARN_OBJC_IMPLICIT_RETAIN_SELF = YES;
				CLANG_WARN_OBJC_LITERAL_CONVERSION = YES;
				CLANG_WARN_OBJC_ROOT_CLASS = YES_ERROR;
				CLANG_WARN_QUOTED_INCLUDE_IN_FRAMEWORK_HEADER = YES;
				CLANG_WARN_RANGE_LOOP_ANALYSIS = YES;
				CLANG_WARN_STRICT_PROTOTYPES = YES;
				CLANG_WARN_SUSPICIOUS_MOVE = YES;
				CLANG_WARN_UNGUARDED_AVAILABILITY = YES_AGGRESSIVE;
				CLANG_WARN_UNREACHABLE_CODE = YES;
				CLANG_WARN__DUPLICATE_METHOD_MATCH = YES;
				COPY_PHASE_STRIP = NO;
				DEBUG_INFORMATION_FORMAT = "dwarf-with-dsym";
				ENABLE_NS_ASSERTIONS = NO;
				ENABLE_STRICT_OBJC_MSGSEND = YES;
				GCC_C_LANGUAGE_STANDARD = gnu11;
				GCC_NO_COMMON_BLOCKS = YES;
				GCC_WARN_64_TO_32_BIT_CONVERSION = YES;
				GCC_WARN_ABOUT_RETURN_TYPE = YES_ERROR;
				GCC_WARN_UNDECLARED_SELECTOR = YES;
				GCC_WARN_UNINITIALIZED_AUTOS = YES_AGGRESSIVE;
				GCC_WARN_UNUSED_FUNCTION = YES;
				GCC_WARN_UNUSED_VARIABLE = YES;
				IPHONEOS_DEPLOYMENT_TARGET = 14.5;
				MTL_ENABLE_DEBUG_INFO = NO;
				MTL_FAST_MATH = YES;
				SDKROOT = iphoneos;
				SWIFT_COMPILATION_MODE = wholemodule;
				SWIFT_OPTIMIZATION_LEVEL = "-O";
				VALIDATE_PRODUCT = YES;
			};
			name = Release;
		};
		CDF28FA026B07C9000241F13 /* Debug */ = {
			isa = XCBuildConfiguration;
			buildSettings = {
				ASSETCATALOG_COMPILER_APPICON_NAME = AppIcon;
				ASSETCATALOG_COMPILER_GLOBAL_ACCENT_COLOR_NAME = AccentColor;
				CODE_SIGN_STYLE = Automatic;
				DEVELOPMENT_TEAM = KY3S643HND;
				INFOPLIST_FILE = ProjectClothes/Info.plist;
				LD_RUNPATH_SEARCH_PATHS = (
					"$(inherited)",
					"@executable_path/Frameworks",
				);
				PRODUCT_BUNDLE_IDENTIFIER = me.DeveloperAcademy.ProjectClothes;
				PRODUCT_NAME = "$(TARGET_NAME)";
				SWIFT_VERSION = 5.0;
				TARGETED_DEVICE_FAMILY = "1,2";
			};
			name = Debug;
		};
		CDF28FA126B07C9000241F13 /* Release */ = {
			isa = XCBuildConfiguration;
			buildSettings = {
				ASSETCATALOG_COMPILER_APPICON_NAME = AppIcon;
				ASSETCATALOG_COMPILER_GLOBAL_ACCENT_COLOR_NAME = AccentColor;
				CODE_SIGN_STYLE = Automatic;
				DEVELOPMENT_TEAM = KY3S643HND;
				INFOPLIST_FILE = ProjectClothes/Info.plist;
				LD_RUNPATH_SEARCH_PATHS = (
					"$(inherited)",
					"@executable_path/Frameworks",
				);
				PRODUCT_BUNDLE_IDENTIFIER = me.DeveloperAcademy.ProjectClothes;
				PRODUCT_NAME = "$(TARGET_NAME)";
				SWIFT_VERSION = 5.0;
				TARGETED_DEVICE_FAMILY = "1,2";
			};
			name = Release;
		};
/* End XCBuildConfiguration section */

/* Begin XCConfigurationList section */
		CDF28F8626B07C8C00241F13 /* Build configuration list for PBXProject "ProjectClothes" */ = {
			isa = XCConfigurationList;
			buildConfigurations = (
				CDF28F9D26B07C9000241F13 /* Debug */,
				CDF28F9E26B07C9000241F13 /* Release */,
			);
			defaultConfigurationIsVisible = 0;
			defaultConfigurationName = Release;
		};
		CDF28F9F26B07C9000241F13 /* Build configuration list for PBXNativeTarget "ProjectClothes" */ = {
			isa = XCConfigurationList;
			buildConfigurations = (
				CDF28FA026B07C9000241F13 /* Debug */,
				CDF28FA126B07C9000241F13 /* Release */,
			);
			defaultConfigurationIsVisible = 0;
			defaultConfigurationName = Release;
		};
/* End XCConfigurationList section */
	};
	rootObject = CDF28F8326B07C8C00241F13 /* Project object */;
}
