// !$*UTF8*$!
{
	archiveVersion = 1;
	classes = {
	};
	objectVersion = 50;
	objects = {

/* Begin PBXBuildFile section */
		CDA4C6FC26CC2B710061C082 /* ContactViewController.swift in Sources */ = {isa = PBXBuildFile; fileRef = CDA4C6FB26CC2B710061C082 /* ContactViewController.swift */; };
		CDF28F8F26B07C8C00241F13 /* AppDelegate.swift in Sources */ = {isa = PBXBuildFile; fileRef = CDF28F8E26B07C8C00241F13 /* AppDelegate.swift */; };
		CDF28F9126B07C8C00241F13 /* SceneDelegate.swift in Sources */ = {isa = PBXBuildFile; fileRef = CDF28F9026B07C8C00241F13 /* SceneDelegate.swift */; };
		CDF28F9326B07C8C00241F13 /* ViewController.swift in Sources */ = {isa = PBXBuildFile; fileRef = CDF28F9226B07C8C00241F13 /* ViewController.swift */; };
		CDF28F9626B07C8C00241F13 /* Main.storyboard in Resources */ = {isa = PBXBuildFile; fileRef = CDF28F9426B07C8C00241F13 /* Main.storyboard */; };
		CDF28F9826B07C9000241F13 /* Assets.xcassets in Resources */ = {isa = PBXBuildFile; fileRef = CDF28F9726B07C9000241F13 /* Assets.xcassets */; };
		CDF28F9B26B07C9000241F13 /* LaunchScreen.storyboard in Resources */ = {isa = PBXBuildFile; fileRef = CDF28F9926B07C9000241F13 /* LaunchScreen.storyboard */; };
		FD08F82D26B86B02003E0C9C /* createStoryboard.storyboard in Resources */ = {isa = PBXBuildFile; fileRef = FD08F82C26B86B02003E0C9C /* createStoryboard.storyboard */; };
		FD08F82F26B86B0B003E0C9C /* todayStoryboard.storyboard in Resources */ = {isa = PBXBuildFile; fileRef = FD08F82E26B86B0B003E0C9C /* todayStoryboard.storyboard */; };
		FD430BE726B3236F00F31DD2 /* TabBarController.swift in Sources */ = {isa = PBXBuildFile; fileRef = FD430BE626B3236E00F31DD2 /* TabBarController.swift */; };
		FDA72CA026C439D400F966F5 /* CreateViewController.swift in Sources */ = {isa = PBXBuildFile; fileRef = FDA72C9F26C439D400F966F5 /* CreateViewController.swift */; };
		FDA72CA426C43DAD00F966F5 /* settingsStoryboard.storyboard in Resources */ = {isa = PBXBuildFile; fileRef = FDA72CA226C43DAD00F966F5 /* settingsStoryboard.storyboard */; };
		FDA72CA526C43DAD00F966F5 /* SettingsViewController.swift in Sources */ = {isa = PBXBuildFile; fileRef = FDA72CA326C43DAD00F966F5 /* SettingsViewController.swift */; };
		FDA72CA926C4406100F966F5 /* wardrobeViewController.swift in Sources */ = {isa = PBXBuildFile; fileRef = FDA72CA626C4406100F966F5 /* wardrobeViewController.swift */; };
		FDA72CAA26C4406100F966F5 /* SuperRoupaTableViewCell.swift in Sources */ = {isa = PBXBuildFile; fileRef = FDA72CA726C4406100F966F5 /* SuperRoupaTableViewCell.swift */; };
		FDA72CAB26C4406100F966F5 /* BackCollectionViewCell.swift in Sources */ = {isa = PBXBuildFile; fileRef = FDA72CA826C4406100F966F5 /* BackCollectionViewCell.swift */; };
		FDA72CAF26C464C900F966F5 /* Look.swift in Sources */ = {isa = PBXBuildFile; fileRef = FDA72CAD26C464C900F966F5 /* Look.swift */; };
		FDA72CB026C464C900F966F5 /* Clothes.swift in Sources */ = {isa = PBXBuildFile; fileRef = FDA72CAE26C464C900F966F5 /* Clothes.swift */; };
		FDA72CB226C4677C00F966F5 /* MockClothesData.swift in Sources */ = {isa = PBXBuildFile; fileRef = FDA72CB126C4677C00F966F5 /* MockClothesData.swift */; };
		FDA72CD726C5A80C00F966F5 /* FrontCollectionViewCell.swift in Sources */ = {isa = PBXBuildFile; fileRef = FDA72CD626C5A80C00F966F5 /* FrontCollectionViewCell.swift */; };
		FDA72CD926C5D4A500F966F5 /* closetStoryboard.storyboard in Resources */ = {isa = PBXBuildFile; fileRef = FDA72CD826C5D4A500F966F5 /* closetStoryboard.storyboard */; };
		FDA72CE826C6DDE700F966F5 /* SelectedCategorieViewController.swift in Sources */ = {isa = PBXBuildFile; fileRef = FDA72CE726C6DDE700F966F5 /* SelectedCategorieViewController.swift */; };
		FDA72CEA26C6E31D00F966F5 /* SegmentedCellCollectionViewCell.swift in Sources */ = {isa = PBXBuildFile; fileRef = FDA72CE926C6E31D00F966F5 /* SegmentedCellCollectionViewCell.swift */; };
		FDA72CEC26C6F1AD00F966F5 /* EnumForSegues.swift in Sources */ = {isa = PBXBuildFile; fileRef = FDA72CEB26C6F1AD00F966F5 /* EnumForSegues.swift */; };
		FDA72D1D26CB503C00F966F5 /* Array+Extensions.swift in Sources */ = {isa = PBXBuildFile; fileRef = FDA72CEF26CB503B00F966F5 /* Array+Extensions.swift */; };
		FDA72D1E26CB503C00F966F5 /* Math.swift in Sources */ = {isa = PBXBuildFile; fileRef = FDA72CF026CB503B00F966F5 /* Math.swift */; };
		FDA72D1F26CB503C00F966F5 /* UIImage+CVPixelBuffer.swift in Sources */ = {isa = PBXBuildFile; fileRef = FDA72CF126CB503B00F966F5 /* UIImage+CVPixelBuffer.swift */; };
		FDA72D2026CB503C00F966F5 /* Predictions.swift in Sources */ = {isa = PBXBuildFile; fileRef = FDA72CF226CB503B00F966F5 /* Predictions.swift */; };
		FDA72D2126CB503C00F966F5 /* UIImage+Extensions.swift in Sources */ = {isa = PBXBuildFile; fileRef = FDA72CF326CB503B00F966F5 /* UIImage+Extensions.swift */; };
		FDA72D2226CB503C00F966F5 /* CGImagePropertyOrientation.swift in Sources */ = {isa = PBXBuildFile; fileRef = FDA72CF426CB503B00F966F5 /* CGImagePropertyOrientation.swift */; };
		FDA72D2326CB503C00F966F5 /* UIImage+RawBytes.swift in Sources */ = {isa = PBXBuildFile; fileRef = FDA72CF526CB503B00F966F5 /* UIImage+RawBytes.swift */; };
		FDA72D2426CB503C00F966F5 /* MLMultiArray+Helpers.swift in Sources */ = {isa = PBXBuildFile; fileRef = FDA72CF626CB503B00F966F5 /* MLMultiArray+Helpers.swift */; };
		FDA72D2526CB503C00F966F5 /* MLModel+Images.swift in Sources */ = {isa = PBXBuildFile; fileRef = FDA72CF726CB503B00F966F5 /* MLModel+Images.swift */; };
		FDA72D2626CB503C00F966F5 /* CoreML+Combine.swift in Sources */ = {isa = PBXBuildFile; fileRef = FDA72CF826CB503B00F966F5 /* CoreML+Combine.swift */; };
		FDA72D2726CB503C00F966F5 /* CVPixelBuffer+Create.swift in Sources */ = {isa = PBXBuildFile; fileRef = FDA72CF926CB503B00F966F5 /* CVPixelBuffer+Create.swift */; };
		FDA72D2826CB503C00F966F5 /* CGImage+CVPixelBuffer.swift in Sources */ = {isa = PBXBuildFile; fileRef = FDA72CFA26CB503B00F966F5 /* CGImage+CVPixelBuffer.swift */; };
		FDA72D2926CB503C00F966F5 /* NonMaxSuppression.swift in Sources */ = {isa = PBXBuildFile; fileRef = FDA72CFB26CB503B00F966F5 /* NonMaxSuppression.swift */; };
		FDA72D2A26CB503C00F966F5 /* CGImage+RawBytes.swift in Sources */ = {isa = PBXBuildFile; fileRef = FDA72CFC26CB503B00F966F5 /* CGImage+RawBytes.swift */; };
		FDA72D2B26CB503C00F966F5 /* MLMultiArray+Image.swift in Sources */ = {isa = PBXBuildFile; fileRef = FDA72CFD26CB503B00F966F5 /* MLMultiArray+Image.swift */; };
		FDA72D2C26CB503C00F966F5 /* CVPixelBuffer+Resize.swift in Sources */ = {isa = PBXBuildFile; fileRef = FDA72CFE26CB503B00F966F5 /* CVPixelBuffer+Resize.swift */; };
		FDA72D2D26CB503C00F966F5 /* CVPixelBuffer+Rotate.swift in Sources */ = {isa = PBXBuildFile; fileRef = FDA72CFF26CB503B00F966F5 /* CVPixelBuffer+Rotate.swift */; };
		FDA72D2E26CB503C00F966F5 /* addStoryboard.storyboard in Resources */ = {isa = PBXBuildFile; fileRef = FDA72D0026CB503B00F966F5 /* addStoryboard.storyboard */; };
		FDA72D2F26CB503C00F966F5 /* AddNavigationController.swift in Sources */ = {isa = PBXBuildFile; fileRef = FDA72D0126CB503B00F966F5 /* AddNavigationController.swift */; };
		FDA72D3026CB503C00F966F5 /* DrawingView.swift in Sources */ = {isa = PBXBuildFile; fileRef = FDA72D0226CB503B00F966F5 /* DrawingView.swift */; };
		FDA72D3126CB503C00F966F5 /* CustomModalViewController.swift in Sources */ = {isa = PBXBuildFile; fileRef = FDA72D0326CB503B00F966F5 /* CustomModalViewController.swift */; };
		FDA72D3226CB503C00F966F5 /* ClothesConfigViewController.swift in Sources */ = {isa = PBXBuildFile; fileRef = FDA72D0426CB503B00F966F5 /* ClothesConfigViewController.swift */; };
		FDA72D3426CB503C00F966F5 /* ClothesConfigurationViewController.swift in Sources */ = {isa = PBXBuildFile; fileRef = FDA72D0626CB503B00F966F5 /* ClothesConfigurationViewController.swift */; };
		FDA72D3526CB503C00F966F5 /* AccessoriesViewController.swift in Sources */ = {isa = PBXBuildFile; fileRef = FDA72D0926CB503B00F966F5 /* AccessoriesViewController.swift */; };
		FDA72D3626CB503C00F966F5 /* CustomCellFullClothesTableViewCell.swift in Sources */ = {isa = PBXBuildFile; fileRef = FDA72D0B26CB503B00F966F5 /* CustomCellFullClothesTableViewCell.swift */; };
		FDA72D3726CB503C00F966F5 /* FullSizeClothesViewController.swift in Sources */ = {isa = PBXBuildFile; fileRef = FDA72D0C26CB503B00F966F5 /* FullSizeClothesViewController.swift */; };
		FDA72D3826CB503C00F966F5 /* BottomClothesViewController.swift in Sources */ = {isa = PBXBuildFile; fileRef = FDA72D0E26CB503B00F966F5 /* BottomClothesViewController.swift */; };
		FDA72D3926CB503C00F966F5 /* ModalViewController.swift in Sources */ = {isa = PBXBuildFile; fileRef = FDA72D0F26CB503B00F966F5 /* ModalViewController.swift */; };
		FDA72D3A26CB503C00F966F5 /* CustomCellTableViewCell.swift in Sources */ = {isa = PBXBuildFile; fileRef = FDA72D1126CB503B00F966F5 /* CustomCellTableViewCell.swift */; };
		FDA72D3B26CB503C00F966F5 /* TopClothesViewController.swift in Sources */ = {isa = PBXBuildFile; fileRef = FDA72D1226CB503B00F966F5 /* TopClothesViewController.swift */; };
		FDA72D3C26CB503C00F966F5 /* ShoesViewController.swift in Sources */ = {isa = PBXBuildFile; fileRef = FDA72D1426CB503B00F966F5 /* ShoesViewController.swift */; };
		FDA72D3D26CB503C00F966F5 /* DeepLabV3.mlmodel in Sources */ = {isa = PBXBuildFile; fileRef = FDA72D1626CB503B00F966F5 /* DeepLabV3.mlmodel */; };
		FDA72D3E26CB503C00F966F5 /* WhiteBoardViewController.swift in Sources */ = {isa = PBXBuildFile; fileRef = FDA72D1726CB503B00F966F5 /* WhiteBoardViewController.swift */; };
		FDA72D3F26CB503C00F966F5 /* CustomCellShoesClothesTableViewCell.swift in Sources */ = {isa = PBXBuildFile; fileRef = FDA72D1826CB503B00F966F5 /* CustomCellShoesClothesTableViewCell.swift */; };
		FDA72D4026CB503C00F966F5 /* CustomCellAccessoriesClothesTableViewCell.swift in Sources */ = {isa = PBXBuildFile; fileRef = FDA72D1926CB503B00F966F5 /* CustomCellAccessoriesClothesTableViewCell.swift */; };
		FDA72D4126CB503C00F966F5 /* clothesConfig.storyboard in Resources */ = {isa = PBXBuildFile; fileRef = FDA72D1B26CB503B00F966F5 /* clothesConfig.storyboard */; };
		FDA72D4226CB503C00F966F5 /* CustomCellBottomClothesTableViewCell.swift in Sources */ = {isa = PBXBuildFile; fileRef = FDA72D1C26CB503B00F966F5 /* CustomCellBottomClothesTableViewCell.swift */; };
/* End PBXBuildFile section */

/* Begin PBXFileReference section */
		CDA4C6FB26CC2B710061C082 /* ContactViewController.swift */ = {isa = PBXFileReference; fileEncoding = 4; lastKnownFileType = sourcecode.swift; path = ContactViewController.swift; sourceTree = "<group>"; };
		CDF28F8B26B07C8C00241F13 /* ProjectClothes.app */ = {isa = PBXFileReference; explicitFileType = wrapper.application; includeInIndex = 0; path = ProjectClothes.app; sourceTree = BUILT_PRODUCTS_DIR; };
		CDF28F8E26B07C8C00241F13 /* AppDelegate.swift */ = {isa = PBXFileReference; lastKnownFileType = sourcecode.swift; path = AppDelegate.swift; sourceTree = "<group>"; };
		CDF28F9026B07C8C00241F13 /* SceneDelegate.swift */ = {isa = PBXFileReference; lastKnownFileType = sourcecode.swift; path = SceneDelegate.swift; sourceTree = "<group>"; };
		CDF28F9226B07C8C00241F13 /* ViewController.swift */ = {isa = PBXFileReference; lastKnownFileType = sourcecode.swift; path = ViewController.swift; sourceTree = "<group>"; };
		CDF28F9526B07C8C00241F13 /* Base */ = {isa = PBXFileReference; lastKnownFileType = file.storyboard; name = Base; path = Base.lproj/Main.storyboard; sourceTree = "<group>"; };
		CDF28F9726B07C9000241F13 /* Assets.xcassets */ = {isa = PBXFileReference; lastKnownFileType = folder.assetcatalog; path = Assets.xcassets; sourceTree = "<group>"; };
		CDF28F9A26B07C9000241F13 /* Base */ = {isa = PBXFileReference; lastKnownFileType = file.storyboard; name = Base; path = Base.lproj/LaunchScreen.storyboard; sourceTree = "<group>"; };
		CDF28F9C26B07C9000241F13 /* Info.plist */ = {isa = PBXFileReference; lastKnownFileType = text.plist.xml; path = Info.plist; sourceTree = "<group>"; };
		FD08F82C26B86B02003E0C9C /* createStoryboard.storyboard */ = {isa = PBXFileReference; fileEncoding = 4; lastKnownFileType = file.storyboard; path = createStoryboard.storyboard; sourceTree = "<group>"; };
		FD08F82E26B86B0B003E0C9C /* todayStoryboard.storyboard */ = {isa = PBXFileReference; fileEncoding = 4; lastKnownFileType = file.storyboard; path = todayStoryboard.storyboard; sourceTree = "<group>"; };
		FD430BE626B3236E00F31DD2 /* TabBarController.swift */ = {isa = PBXFileReference; lastKnownFileType = sourcecode.swift; path = TabBarController.swift; sourceTree = "<group>"; };
		FDA72C9F26C439D400F966F5 /* CreateViewController.swift */ = {isa = PBXFileReference; lastKnownFileType = sourcecode.swift; path = CreateViewController.swift; sourceTree = "<group>"; };
		FDA72CA226C43DAD00F966F5 /* settingsStoryboard.storyboard */ = {isa = PBXFileReference; fileEncoding = 4; lastKnownFileType = file.storyboard; path = settingsStoryboard.storyboard; sourceTree = "<group>"; };
		FDA72CA326C43DAD00F966F5 /* SettingsViewController.swift */ = {isa = PBXFileReference; fileEncoding = 4; lastKnownFileType = sourcecode.swift; path = SettingsViewController.swift; sourceTree = "<group>"; };
		FDA72CA626C4406100F966F5 /* wardrobeViewController.swift */ = {isa = PBXFileReference; fileEncoding = 4; lastKnownFileType = sourcecode.swift; path = wardrobeViewController.swift; sourceTree = "<group>"; };
		FDA72CA726C4406100F966F5 /* SuperRoupaTableViewCell.swift */ = {isa = PBXFileReference; fileEncoding = 4; lastKnownFileType = sourcecode.swift; path = SuperRoupaTableViewCell.swift; sourceTree = "<group>"; };
		FDA72CA826C4406100F966F5 /* BackCollectionViewCell.swift */ = {isa = PBXFileReference; fileEncoding = 4; lastKnownFileType = sourcecode.swift; path = BackCollectionViewCell.swift; sourceTree = "<group>"; };
		FDA72CAD26C464C900F966F5 /* Look.swift */ = {isa = PBXFileReference; fileEncoding = 4; lastKnownFileType = sourcecode.swift; path = Look.swift; sourceTree = "<group>"; };
		FDA72CAE26C464C900F966F5 /* Clothes.swift */ = {isa = PBXFileReference; fileEncoding = 4; lastKnownFileType = sourcecode.swift; path = Clothes.swift; sourceTree = "<group>"; };
		FDA72CB126C4677C00F966F5 /* MockClothesData.swift */ = {isa = PBXFileReference; lastKnownFileType = sourcecode.swift; path = MockClothesData.swift; sourceTree = "<group>"; };
		FDA72CD626C5A80C00F966F5 /* FrontCollectionViewCell.swift */ = {isa = PBXFileReference; lastKnownFileType = sourcecode.swift; path = FrontCollectionViewCell.swift; sourceTree = "<group>"; };
		FDA72CD826C5D4A500F966F5 /* closetStoryboard.storyboard */ = {isa = PBXFileReference; fileEncoding = 4; lastKnownFileType = file.storyboard; path = closetStoryboard.storyboard; sourceTree = "<group>"; };
		FDA72CE726C6DDE700F966F5 /* SelectedCategorieViewController.swift */ = {isa = PBXFileReference; lastKnownFileType = sourcecode.swift; path = SelectedCategorieViewController.swift; sourceTree = "<group>"; };
		FDA72CE926C6E31D00F966F5 /* SegmentedCellCollectionViewCell.swift */ = {isa = PBXFileReference; lastKnownFileType = sourcecode.swift; path = SegmentedCellCollectionViewCell.swift; sourceTree = "<group>"; };
		FDA72CEB26C6F1AD00F966F5 /* EnumForSegues.swift */ = {isa = PBXFileReference; lastKnownFileType = sourcecode.swift; path = EnumForSegues.swift; sourceTree = "<group>"; };
		FDA72CEF26CB503B00F966F5 /* Array+Extensions.swift */ = {isa = PBXFileReference; fileEncoding = 4; lastKnownFileType = sourcecode.swift; path = "Array+Extensions.swift"; sourceTree = "<group>"; };
		FDA72CF026CB503B00F966F5 /* Math.swift */ = {isa = PBXFileReference; fileEncoding = 4; lastKnownFileType = sourcecode.swift; path = Math.swift; sourceTree = "<group>"; };
		FDA72CF126CB503B00F966F5 /* UIImage+CVPixelBuffer.swift */ = {isa = PBXFileReference; fileEncoding = 4; lastKnownFileType = sourcecode.swift; path = "UIImage+CVPixelBuffer.swift"; sourceTree = "<group>"; };
		FDA72CF226CB503B00F966F5 /* Predictions.swift */ = {isa = PBXFileReference; fileEncoding = 4; lastKnownFileType = sourcecode.swift; path = Predictions.swift; sourceTree = "<group>"; };
		FDA72CF326CB503B00F966F5 /* UIImage+Extensions.swift */ = {isa = PBXFileReference; fileEncoding = 4; lastKnownFileType = sourcecode.swift; path = "UIImage+Extensions.swift"; sourceTree = "<group>"; };
		FDA72CF426CB503B00F966F5 /* CGImagePropertyOrientation.swift */ = {isa = PBXFileReference; fileEncoding = 4; lastKnownFileType = sourcecode.swift; path = CGImagePropertyOrientation.swift; sourceTree = "<group>"; };
		FDA72CF526CB503B00F966F5 /* UIImage+RawBytes.swift */ = {isa = PBXFileReference; fileEncoding = 4; lastKnownFileType = sourcecode.swift; path = "UIImage+RawBytes.swift"; sourceTree = "<group>"; };
		FDA72CF626CB503B00F966F5 /* MLMultiArray+Helpers.swift */ = {isa = PBXFileReference; fileEncoding = 4; lastKnownFileType = sourcecode.swift; path = "MLMultiArray+Helpers.swift"; sourceTree = "<group>"; };
		FDA72CF726CB503B00F966F5 /* MLModel+Images.swift */ = {isa = PBXFileReference; fileEncoding = 4; lastKnownFileType = sourcecode.swift; path = "MLModel+Images.swift"; sourceTree = "<group>"; };
		FDA72CF826CB503B00F966F5 /* CoreML+Combine.swift */ = {isa = PBXFileReference; fileEncoding = 4; lastKnownFileType = sourcecode.swift; path = "CoreML+Combine.swift"; sourceTree = "<group>"; };
		FDA72CF926CB503B00F966F5 /* CVPixelBuffer+Create.swift */ = {isa = PBXFileReference; fileEncoding = 4; lastKnownFileType = sourcecode.swift; path = "CVPixelBuffer+Create.swift"; sourceTree = "<group>"; };
		FDA72CFA26CB503B00F966F5 /* CGImage+CVPixelBuffer.swift */ = {isa = PBXFileReference; fileEncoding = 4; lastKnownFileType = sourcecode.swift; path = "CGImage+CVPixelBuffer.swift"; sourceTree = "<group>"; };
		FDA72CFB26CB503B00F966F5 /* NonMaxSuppression.swift */ = {isa = PBXFileReference; fileEncoding = 4; lastKnownFileType = sourcecode.swift; path = NonMaxSuppression.swift; sourceTree = "<group>"; };
		FDA72CFC26CB503B00F966F5 /* CGImage+RawBytes.swift */ = {isa = PBXFileReference; fileEncoding = 4; lastKnownFileType = sourcecode.swift; path = "CGImage+RawBytes.swift"; sourceTree = "<group>"; };
		FDA72CFD26CB503B00F966F5 /* MLMultiArray+Image.swift */ = {isa = PBXFileReference; fileEncoding = 4; lastKnownFileType = sourcecode.swift; path = "MLMultiArray+Image.swift"; sourceTree = "<group>"; };
		FDA72CFE26CB503B00F966F5 /* CVPixelBuffer+Resize.swift */ = {isa = PBXFileReference; fileEncoding = 4; lastKnownFileType = sourcecode.swift; path = "CVPixelBuffer+Resize.swift"; sourceTree = "<group>"; };
		FDA72CFF26CB503B00F966F5 /* CVPixelBuffer+Rotate.swift */ = {isa = PBXFileReference; fileEncoding = 4; lastKnownFileType = sourcecode.swift; path = "CVPixelBuffer+Rotate.swift"; sourceTree = "<group>"; };
		FDA72D0026CB503B00F966F5 /* addStoryboard.storyboard */ = {isa = PBXFileReference; fileEncoding = 4; lastKnownFileType = file.storyboard; path = addStoryboard.storyboard; sourceTree = "<group>"; };
		FDA72D0126CB503B00F966F5 /* AddNavigationController.swift */ = {isa = PBXFileReference; fileEncoding = 4; lastKnownFileType = sourcecode.swift; path = AddNavigationController.swift; sourceTree = "<group>"; };
		FDA72D0226CB503B00F966F5 /* DrawingView.swift */ = {isa = PBXFileReference; fileEncoding = 4; lastKnownFileType = sourcecode.swift; path = DrawingView.swift; sourceTree = "<group>"; };
		FDA72D0326CB503B00F966F5 /* CustomModalViewController.swift */ = {isa = PBXFileReference; fileEncoding = 4; lastKnownFileType = sourcecode.swift; path = CustomModalViewController.swift; sourceTree = "<group>"; };
		FDA72D0426CB503B00F966F5 /* ClothesConfigViewController.swift */ = {isa = PBXFileReference; fileEncoding = 4; lastKnownFileType = sourcecode.swift; path = ClothesConfigViewController.swift; sourceTree = "<group>"; };
		FDA72D0626CB503B00F966F5 /* ClothesConfigurationViewController.swift */ = {isa = PBXFileReference; fileEncoding = 4; lastKnownFileType = sourcecode.swift; path = ClothesConfigurationViewController.swift; sourceTree = "<group>"; };
		FDA72D0926CB503B00F966F5 /* AccessoriesViewController.swift */ = {isa = PBXFileReference; fileEncoding = 4; lastKnownFileType = sourcecode.swift; path = AccessoriesViewController.swift; sourceTree = "<group>"; };
		FDA72D0B26CB503B00F966F5 /* CustomCellFullClothesTableViewCell.swift */ = {isa = PBXFileReference; fileEncoding = 4; lastKnownFileType = sourcecode.swift; path = CustomCellFullClothesTableViewCell.swift; sourceTree = "<group>"; };
		FDA72D0C26CB503B00F966F5 /* FullSizeClothesViewController.swift */ = {isa = PBXFileReference; fileEncoding = 4; lastKnownFileType = sourcecode.swift; path = FullSizeClothesViewController.swift; sourceTree = "<group>"; };
		FDA72D0E26CB503B00F966F5 /* BottomClothesViewController.swift */ = {isa = PBXFileReference; fileEncoding = 4; lastKnownFileType = sourcecode.swift; path = BottomClothesViewController.swift; sourceTree = "<group>"; };
		FDA72D0F26CB503B00F966F5 /* ModalViewController.swift */ = {isa = PBXFileReference; fileEncoding = 4; lastKnownFileType = sourcecode.swift; path = ModalViewController.swift; sourceTree = "<group>"; };
		FDA72D1126CB503B00F966F5 /* CustomCellTableViewCell.swift */ = {isa = PBXFileReference; fileEncoding = 4; lastKnownFileType = sourcecode.swift; path = CustomCellTableViewCell.swift; sourceTree = "<group>"; };
		FDA72D1226CB503B00F966F5 /* TopClothesViewController.swift */ = {isa = PBXFileReference; fileEncoding = 4; lastKnownFileType = sourcecode.swift; path = TopClothesViewController.swift; sourceTree = "<group>"; };
		FDA72D1426CB503B00F966F5 /* ShoesViewController.swift */ = {isa = PBXFileReference; fileEncoding = 4; lastKnownFileType = sourcecode.swift; path = ShoesViewController.swift; sourceTree = "<group>"; };
		FDA72D1626CB503B00F966F5 /* DeepLabV3.mlmodel */ = {isa = PBXFileReference; lastKnownFileType = file.mlmodel; path = DeepLabV3.mlmodel; sourceTree = "<group>"; };
		FDA72D1726CB503B00F966F5 /* WhiteBoardViewController.swift */ = {isa = PBXFileReference; fileEncoding = 4; lastKnownFileType = sourcecode.swift; path = WhiteBoardViewController.swift; sourceTree = "<group>"; };
		FDA72D1826CB503B00F966F5 /* CustomCellShoesClothesTableViewCell.swift */ = {isa = PBXFileReference; fileEncoding = 4; lastKnownFileType = sourcecode.swift; path = CustomCellShoesClothesTableViewCell.swift; sourceTree = "<group>"; };
		FDA72D1926CB503B00F966F5 /* CustomCellAccessoriesClothesTableViewCell.swift */ = {isa = PBXFileReference; fileEncoding = 4; lastKnownFileType = sourcecode.swift; path = CustomCellAccessoriesClothesTableViewCell.swift; sourceTree = "<group>"; };
		FDA72D1B26CB503B00F966F5 /* clothesConfig.storyboard */ = {isa = PBXFileReference; fileEncoding = 4; lastKnownFileType = file.storyboard; path = clothesConfig.storyboard; sourceTree = "<group>"; };
		FDA72D1C26CB503B00F966F5 /* CustomCellBottomClothesTableViewCell.swift */ = {isa = PBXFileReference; fileEncoding = 4; lastKnownFileType = sourcecode.swift; path = CustomCellBottomClothesTableViewCell.swift; sourceTree = "<group>"; };
/* End PBXFileReference section */

/* Begin PBXFrameworksBuildPhase section */
		CDF28F8826B07C8C00241F13 /* Frameworks */ = {
			isa = PBXFrameworksBuildPhase;
			buildActionMask = 2147483647;
			files = (
			);
			runOnlyForDeploymentPostprocessing = 0;
		};
/* End PBXFrameworksBuildPhase section */

/* Begin PBXGroup section */
		CDF28F8226B07C8C00241F13 = {
			isa = PBXGroup;
			children = (
				CDF28F8D26B07C8C00241F13 /* ProjectClothes */,
				CDF28F8C26B07C8C00241F13 /* Products */,
			);
			sourceTree = "<group>";
		};
		CDF28F8C26B07C8C00241F13 /* Products */ = {
			isa = PBXGroup;
			children = (
				CDF28F8B26B07C8C00241F13 /* ProjectClothes.app */,
			);
			name = Products;
			sourceTree = "<group>";
		};
		CDF28F8D26B07C8C00241F13 /* ProjectClothes */ = {
			isa = PBXGroup;
			children = (
				FDA72CED26CB503B00F966F5 /* Add */,
				FDA72CAC26C464C900F966F5 /* Model */,
				FDA72CA126C43DAD00F966F5 /* Settings */,
				FD23EEC126B1D1F4009FF48C /* Create */,
				FD23EEBE26B1D1C6009FF48C /* Today */,
				CDF28FA226B0818E00241F13 /* Closet */,
				CDF28F8E26B07C8C00241F13 /* AppDelegate.swift */,
				CDF28F9026B07C8C00241F13 /* SceneDelegate.swift */,
				CDF28F9226B07C8C00241F13 /* ViewController.swift */,
				CDF28F9426B07C8C00241F13 /* Main.storyboard */,
				CDF28F9726B07C9000241F13 /* Assets.xcassets */,
				CDF28F9926B07C9000241F13 /* LaunchScreen.storyboard */,
				CDF28F9C26B07C9000241F13 /* Info.plist */,
				FD430BE626B3236E00F31DD2 /* TabBarController.swift */,
			);
			path = ProjectClothes;
			sourceTree = "<group>";
		};
		CDF28FA226B0818E00241F13 /* Closet */ = {
			isa = PBXGroup;
			children = (
				FDA72CD826C5D4A500F966F5 /* closetStoryboard.storyboard */,
				FDA72CA826C4406100F966F5 /* BackCollectionViewCell.swift */,
				FDA72CA726C4406100F966F5 /* SuperRoupaTableViewCell.swift */,
				FDA72CA626C4406100F966F5 /* wardrobeViewController.swift */,
				FDA72CD626C5A80C00F966F5 /* FrontCollectionViewCell.swift */,
				FDA72CE726C6DDE700F966F5 /* SelectedCategorieViewController.swift */,
				FDA72CE926C6E31D00F966F5 /* SegmentedCellCollectionViewCell.swift */,
				FDA72CEB26C6F1AD00F966F5 /* EnumForSegues.swift */,
			);
			path = Closet;
			sourceTree = "<group>";
		};
		FD23EEBE26B1D1C6009FF48C /* Today */ = {
			isa = PBXGroup;
			children = (
				FD08F82E26B86B0B003E0C9C /* todayStoryboard.storyboard */,
			);
			path = Today;
			sourceTree = "<group>";
		};
		FD23EEC126B1D1F4009FF48C /* Create */ = {
			isa = PBXGroup;
			children = (
				FD08F82C26B86B02003E0C9C /* createStoryboard.storyboard */,
				FDA72C9F26C439D400F966F5 /* CreateViewController.swift */,
			);
			path = Create;
			sourceTree = "<group>";
		};
		FDA72CA126C43DAD00F966F5 /* Settings */ = {
			isa = PBXGroup;
			children = (
				CDA4C6FB26CC2B710061C082 /* ContactViewController.swift */,
				FDA72CA226C43DAD00F966F5 /* settingsStoryboard.storyboard */,
				FDA72CA326C43DAD00F966F5 /* SettingsViewController.swift */,
			);
			path = Settings;
			sourceTree = "<group>";
		};
		FDA72CAC26C464C900F966F5 /* Model */ = {
			isa = PBXGroup;
			children = (
				FDA72CAD26C464C900F966F5 /* Look.swift */,
				FDA72CAE26C464C900F966F5 /* Clothes.swift */,
				FDA72CB126C4677C00F966F5 /* MockClothesData.swift */,
			);
			path = Model;
			sourceTree = "<group>";
		};
		FDA72CED26CB503B00F966F5 /* Add */ = {
			isa = PBXGroup;
			children = (
				FDA72CEE26CB503B00F966F5 /* CoreMLHelpers */,
				FDA72D0026CB503B00F966F5 /* addStoryboard.storyboard */,
				FDA72D0126CB503B00F966F5 /* AddNavigationController.swift */,
				FDA72D0226CB503B00F966F5 /* DrawingView.swift */,
				FDA72D0326CB503B00F966F5 /* CustomModalViewController.swift */,
				FDA72D0426CB503B00F966F5 /* ClothesConfigViewController.swift */,
				FDA72D0626CB503B00F966F5 /* ClothesConfigurationViewController.swift */,
				FDA72D0726CB503B00F966F5 /* ModalCategories */,
				FDA72D1526CB503B00F966F5 /* Ml */,
				FDA72D1726CB503B00F966F5 /* WhiteBoardViewController.swift */,
				FDA72D1826CB503B00F966F5 /* CustomCellShoesClothesTableViewCell.swift */,
				FDA72D1926CB503B00F966F5 /* CustomCellAccessoriesClothesTableViewCell.swift */,
				FDA72D1A26CB503B00F966F5 /* ClothesConfiguration */,
				FDA72D1C26CB503B00F966F5 /* CustomCellBottomClothesTableViewCell.swift */,
			);
			path = Add;
			sourceTree = "<group>";
		};
		FDA72CEE26CB503B00F966F5 /* CoreMLHelpers */ = {
			isa = PBXGroup;
			children = (
				FDA72CEF26CB503B00F966F5 /* Array+Extensions.swift */,
				FDA72CF026CB503B00F966F5 /* Math.swift */,
				FDA72CF126CB503B00F966F5 /* UIImage+CVPixelBuffer.swift */,
				FDA72CF226CB503B00F966F5 /* Predictions.swift */,
				FDA72CF326CB503B00F966F5 /* UIImage+Extensions.swift */,
				FDA72CF426CB503B00F966F5 /* CGImagePropertyOrientation.swift */,
				FDA72CF526CB503B00F966F5 /* UIImage+RawBytes.swift */,
				FDA72CF626CB503B00F966F5 /* MLMultiArray+Helpers.swift */,
				FDA72CF726CB503B00F966F5 /* MLModel+Images.swift */,
				FDA72CF826CB503B00F966F5 /* CoreML+Combine.swift */,
				FDA72CF926CB503B00F966F5 /* CVPixelBuffer+Create.swift */,
				FDA72CFA26CB503B00F966F5 /* CGImage+CVPixelBuffer.swift */,
				FDA72CFB26CB503B00F966F5 /* NonMaxSuppression.swift */,
				FDA72CFC26CB503B00F966F5 /* CGImage+RawBytes.swift */,
				FDA72CFD26CB503B00F966F5 /* MLMultiArray+Image.swift */,
				FDA72CFE26CB503B00F966F5 /* CVPixelBuffer+Resize.swift */,
				FDA72CFF26CB503B00F966F5 /* CVPixelBuffer+Rotate.swift */,
			);
			path = CoreMLHelpers;
			sourceTree = "<group>";
		};
		FDA72D0726CB503B00F966F5 /* ModalCategories */ = {
			isa = PBXGroup;
			children = (
				FDA72D0826CB503B00F966F5 /* Accessories */,
				FDA72D0A26CB503B00F966F5 /* FullClothes */,
				FDA72D0D26CB503B00F966F5 /* BottomClothes */,
				FDA72D0F26CB503B00F966F5 /* ModalViewController.swift */,
				FDA72D1026CB503B00F966F5 /* TopClothes */,
				FDA72D1326CB503B00F966F5 /* Shoes */,
			);
			path = ModalCategories;
			sourceTree = "<group>";
		};
		FDA72D0826CB503B00F966F5 /* Accessories */ = {
			isa = PBXGroup;
			children = (
				FDA72D0926CB503B00F966F5 /* AccessoriesViewController.swift */,
			);
			path = Accessories;
			sourceTree = "<group>";
		};
		FDA72D0A26CB503B00F966F5 /* FullClothes */ = {
			isa = PBXGroup;
			children = (
				FDA72D0B26CB503B00F966F5 /* CustomCellFullClothesTableViewCell.swift */,
				FDA72D0C26CB503B00F966F5 /* FullSizeClothesViewController.swift */,
			);
			path = FullClothes;
			sourceTree = "<group>";
		};
		FDA72D0D26CB503B00F966F5 /* BottomClothes */ = {
			isa = PBXGroup;
			children = (
				FDA72D0E26CB503B00F966F5 /* BottomClothesViewController.swift */,
			);
			path = BottomClothes;
			sourceTree = "<group>";
		};
		FDA72D1026CB503B00F966F5 /* TopClothes */ = {
			isa = PBXGroup;
			children = (
				FDA72D1126CB503B00F966F5 /* CustomCellTableViewCell.swift */,
				FDA72D1226CB503B00F966F5 /* TopClothesViewController.swift */,
			);
			path = TopClothes;
			sourceTree = "<group>";
		};
		FDA72D1326CB503B00F966F5 /* Shoes */ = {
			isa = PBXGroup;
			children = (
				FDA72D1426CB503B00F966F5 /* ShoesViewController.swift */,
			);
			path = Shoes;
			sourceTree = "<group>";
		};
		FDA72D1526CB503B00F966F5 /* Ml */ = {
			isa = PBXGroup;
			children = (
				FDA72D1626CB503B00F966F5 /* DeepLabV3.mlmodel */,
			);
			path = Ml;
			sourceTree = "<group>";
		};
		FDA72D1A26CB503B00F966F5 /* ClothesConfiguration */ = {
			isa = PBXGroup;
			children = (
				FDA72D1B26CB503B00F966F5 /* clothesConfig.storyboard */,
			);
			path = ClothesConfiguration;
			sourceTree = "<group>";
		};
/* End PBXGroup section */

/* Begin PBXNativeTarget section */
		CDF28F8A26B07C8C00241F13 /* ProjectClothes */ = {
			isa = PBXNativeTarget;
			buildConfigurationList = CDF28F9F26B07C9000241F13 /* Build configuration list for PBXNativeTarget "ProjectClothes" */;
			buildPhases = (
				CDF28F8726B07C8C00241F13 /* Sources */,
				CDF28F8826B07C8C00241F13 /* Frameworks */,
				CDF28F8926B07C8C00241F13 /* Resources */,
			);
			buildRules = (
			);
			dependencies = (
			);
			name = ProjectClothes;
			productName = ProjectClothes;
			productReference = CDF28F8B26B07C8C00241F13 /* ProjectClothes.app */;
			productType = "com.apple.product-type.application";
		};
/* End PBXNativeTarget section */

/* Begin PBXProject section */
		CDF28F8326B07C8C00241F13 /* Project object */ = {
			isa = PBXProject;
			attributes = {
				LastSwiftUpdateCheck = 1250;
				LastUpgradeCheck = 1250;
				TargetAttributes = {
					CDF28F8A26B07C8C00241F13 = {
						CreatedOnToolsVersion = 12.5.1;
					};
				};
			};
			buildConfigurationList = CDF28F8626B07C8C00241F13 /* Build configuration list for PBXProject "ProjectClothes" */;
			compatibilityVersion = "Xcode 9.3";
			developmentRegion = en;
			hasScannedForEncodings = 0;
			knownRegions = (
				en,
				Base,
			);
			mainGroup = CDF28F8226B07C8C00241F13;
			productRefGroup = CDF28F8C26B07C8C00241F13 /* Products */;
			projectDirPath = "";
			projectRoot = "";
			targets = (
				CDF28F8A26B07C8C00241F13 /* ProjectClothes */,
			);
		};
/* End PBXProject section */

/* Begin PBXResourcesBuildPhase section */
		CDF28F8926B07C8C00241F13 /* Resources */ = {
			isa = PBXResourcesBuildPhase;
			buildActionMask = 2147483647;
			files = (
				FD08F82D26B86B02003E0C9C /* createStoryboard.storyboard in Resources */,
				FDA72D2E26CB503C00F966F5 /* addStoryboard.storyboard in Resources */,
				FDA72D4126CB503C00F966F5 /* clothesConfig.storyboard in Resources */,
				FD08F82F26B86B0B003E0C9C /* todayStoryboard.storyboard in Resources */,
				CDF28F9B26B07C9000241F13 /* LaunchScreen.storyboard in Resources */,
				CDF28F9826B07C9000241F13 /* Assets.xcassets in Resources */,
				CDF28F9626B07C8C00241F13 /* Main.storyboard in Resources */,
				FDA72CD926C5D4A500F966F5 /* closetStoryboard.storyboard in Resources */,
				FDA72CA426C43DAD00F966F5 /* settingsStoryboard.storyboard in Resources */,
			);
			runOnlyForDeploymentPostprocessing = 0;
		};
/* End PBXResourcesBuildPhase section */

/* Begin PBXSourcesBuildPhase section */
		CDF28F8726B07C8C00241F13 /* Sources */ = {
			isa = PBXSourcesBuildPhase;
			buildActionMask = 2147483647;
			files = (
				FDA72D3626CB503C00F966F5 /* CustomCellFullClothesTableViewCell.swift in Sources */,
				FDA72D2526CB503C00F966F5 /* MLModel+Images.swift in Sources */,
				FDA72D2026CB503C00F966F5 /* Predictions.swift in Sources */,
				FDA72D2D26CB503C00F966F5 /* CVPixelBuffer+Rotate.swift in Sources */,
				CDF28F9326B07C8C00241F13 /* ViewController.swift in Sources */,
				FDA72D3826CB503C00F966F5 /* BottomClothesViewController.swift in Sources */,
				FDA72CEA26C6E31D00F966F5 /* SegmentedCellCollectionViewCell.swift in Sources */,
				FDA72D3526CB503C00F966F5 /* AccessoriesViewController.swift in Sources */,
				FDA72D3126CB503C00F966F5 /* CustomModalViewController.swift in Sources */,
				FDA72D2126CB503C00F966F5 /* UIImage+Extensions.swift in Sources */,
				FDA72CAF26C464C900F966F5 /* Look.swift in Sources */,
				FDA72D3026CB503C00F966F5 /* DrawingView.swift in Sources */,
				FDA72CB226C4677C00F966F5 /* MockClothesData.swift in Sources */,
				FDA72D2C26CB503C00F966F5 /* CVPixelBuffer+Resize.swift in Sources */,
				FDA72D4226CB503C00F966F5 /* CustomCellBottomClothesTableViewCell.swift in Sources */,
				FDA72D3D26CB503C00F966F5 /* DeepLabV3.mlmodel in Sources */,
				FDA72D2826CB503C00F966F5 /* CGImage+CVPixelBuffer.swift in Sources */,
				CDF28F8F26B07C8C00241F13 /* AppDelegate.swift in Sources */,
				FDA72CA026C439D400F966F5 /* CreateViewController.swift in Sources */,
				FDA72D2626CB503C00F966F5 /* CoreML+Combine.swift in Sources */,
				FDA72D2B26CB503C00F966F5 /* MLMultiArray+Image.swift in Sources */,
				FDA72D3226CB503C00F966F5 /* ClothesConfigViewController.swift in Sources */,
				FDA72D3C26CB503C00F966F5 /* ShoesViewController.swift in Sources */,
				FDA72D1F26CB503C00F966F5 /* UIImage+CVPixelBuffer.swift in Sources */,
				FDA72D2926CB503C00F966F5 /* NonMaxSuppression.swift in Sources */,
				FDA72D3A26CB503C00F966F5 /* CustomCellTableViewCell.swift in Sources */,
				FDA72CB026C464C900F966F5 /* Clothes.swift in Sources */,
				FDA72CE826C6DDE700F966F5 /* SelectedCategorieViewController.swift in Sources */,
				FDA72D1D26CB503C00F966F5 /* Array+Extensions.swift in Sources */,
				FDA72CD726C5A80C00F966F5 /* FrontCollectionViewCell.swift in Sources */,
				FDA72CA926C4406100F966F5 /* wardrobeViewController.swift in Sources */,
				FDA72D2226CB503C00F966F5 /* CGImagePropertyOrientation.swift in Sources */,
				FDA72D1E26CB503C00F966F5 /* Math.swift in Sources */,
				FDA72D2A26CB503C00F966F5 /* CGImage+RawBytes.swift in Sources */,
				FDA72CEC26C6F1AD00F966F5 /* EnumForSegues.swift in Sources */,
				FDA72D4026CB503C00F966F5 /* CustomCellAccessoriesClothesTableViewCell.swift in Sources */,
				FD430BE726B3236F00F31DD2 /* TabBarController.swift in Sources */,
				FDA72D2326CB503C00F966F5 /* UIImage+RawBytes.swift in Sources */,
				FDA72D2726CB503C00F966F5 /* CVPixelBuffer+Create.swift in Sources */,
				FDA72CAB26C4406100F966F5 /* BackCollectionViewCell.swift in Sources */,
				FDA72D3B26CB503C00F966F5 /* TopClothesViewController.swift in Sources */,
				FDA72D3926CB503C00F966F5 /* ModalViewController.swift in Sources */,
				FDA72D2F26CB503C00F966F5 /* AddNavigationController.swift in Sources */,
				FDA72D3426CB503C00F966F5 /* ClothesConfigurationViewController.swift in Sources */,
				CDA4C6FC26CC2B710061C082 /* ContactViewController.swift in Sources */,
				FDA72CAA26C4406100F966F5 /* SuperRoupaTableViewCell.swift in Sources */,
				FDA72CA526C43DAD00F966F5 /* SettingsViewController.swift in Sources */,
				FDA72D2426CB503C00F966F5 /* MLMultiArray+Helpers.swift in Sources */,
				FDA72D3F26CB503C00F966F5 /* CustomCellShoesClothesTableViewCell.swift in Sources */,
				CDF28F9126B07C8C00241F13 /* SceneDelegate.swift in Sources */,
				FDA72D3E26CB503C00F966F5 /* WhiteBoardViewController.swift in Sources */,
				FDA72D3726CB503C00F966F5 /* FullSizeClothesViewController.swift in Sources */,
			);
			runOnlyForDeploymentPostprocessing = 0;
		};
/* End PBXSourcesBuildPhase section */

/* Begin PBXVariantGroup section */
		CDF28F9426B07C8C00241F13 /* Main.storyboard */ = {
			isa = PBXVariantGroup;
			children = (
				CDF28F9526B07C8C00241F13 /* Base */,
			);
			name = Main.storyboard;
			sourceTree = "<group>";
		};
		CDF28F9926B07C9000241F13 /* LaunchScreen.storyboard */ = {
			isa = PBXVariantGroup;
			children = (
				CDF28F9A26B07C9000241F13 /* Base */,
			);
			name = LaunchScreen.storyboard;
			sourceTree = "<group>";
		};
/* End PBXVariantGroup section */

/* Begin XCBuildConfiguration section */
		CDF28F9D26B07C9000241F13 /* Debug */ = {
			isa = XCBuildConfiguration;
			buildSettings = {
				ALWAYS_SEARCH_USER_PATHS = NO;
				CLANG_ANALYZER_NONNULL = YES;
				CLANG_ANALYZER_NUMBER_OBJECT_CONVERSION = YES_AGGRESSIVE;
				CLANG_CXX_LANGUAGE_STANDARD = "gnu++14";
				CLANG_CXX_LIBRARY = "libc++";
				CLANG_ENABLE_MODULES = YES;
				CLANG_ENABLE_OBJC_ARC = YES;
				CLANG_ENABLE_OBJC_WEAK = YES;
				CLANG_WARN_BLOCK_CAPTURE_AUTORELEASING = YES;
				CLANG_WARN_BOOL_CONVERSION = YES;
				CLANG_WARN_COMMA = YES;
				CLANG_WARN_CONSTANT_CONVERSION = YES;
				CLANG_WARN_DEPRECATED_OBJC_IMPLEMENTATIONS = YES;
				CLANG_WARN_DIRECT_OBJC_ISA_USAGE = YES_ERROR;
				CLANG_WARN_DOCUMENTATION_COMMENTS = YES;
				CLANG_WARN_EMPTY_BODY = YES;
				CLANG_WARN_ENUM_CONVERSION = YES;
				CLANG_WARN_INFINITE_RECURSION = YES;
				CLANG_WARN_INT_CONVERSION = YES;
				CLANG_WARN_NON_LITERAL_NULL_CONVERSION = YES;
				CLANG_WARN_OBJC_IMPLICIT_RETAIN_SELF = YES;
				CLANG_WARN_OBJC_LITERAL_CONVERSION = YES;
				CLANG_WARN_OBJC_ROOT_CLASS = YES_ERROR;
				CLANG_WARN_QUOTED_INCLUDE_IN_FRAMEWORK_HEADER = YES;
				CLANG_WARN_RANGE_LOOP_ANALYSIS = YES;
				CLANG_WARN_STRICT_PROTOTYPES = YES;
				CLANG_WARN_SUSPICIOUS_MOVE = YES;
				CLANG_WARN_UNGUARDED_AVAILABILITY = YES_AGGRESSIVE;
				CLANG_WARN_UNREACHABLE_CODE = YES;
				CLANG_WARN__DUPLICATE_METHOD_MATCH = YES;
				COPY_PHASE_STRIP = NO;
				DEBUG_INFORMATION_FORMAT = dwarf;
				ENABLE_STRICT_OBJC_MSGSEND = YES;
				ENABLE_TESTABILITY = YES;
				GCC_C_LANGUAGE_STANDARD = gnu11;
				GCC_DYNAMIC_NO_PIC = NO;
				GCC_NO_COMMON_BLOCKS = YES;
				GCC_OPTIMIZATION_LEVEL = 0;
				GCC_PREPROCESSOR_DEFINITIONS = (
					"DEBUG=1",
					"$(inherited)",
				);
				GCC_WARN_64_TO_32_BIT_CONVERSION = YES;
				GCC_WARN_ABOUT_RETURN_TYPE = YES_ERROR;
				GCC_WARN_UNDECLARED_SELECTOR = YES;
				GCC_WARN_UNINITIALIZED_AUTOS = YES_AGGRESSIVE;
				GCC_WARN_UNUSED_FUNCTION = YES;
				GCC_WARN_UNUSED_VARIABLE = YES;
				IPHONEOS_DEPLOYMENT_TARGET = 14.5;
				MTL_ENABLE_DEBUG_INFO = INCLUDE_SOURCE;
				MTL_FAST_MATH = YES;
				ONLY_ACTIVE_ARCH = YES;
				SDKROOT = iphoneos;
				SWIFT_ACTIVE_COMPILATION_CONDITIONS = DEBUG;
				SWIFT_OPTIMIZATION_LEVEL = "-Onone";
			};
			name = Debug;
		};
		CDF28F9E26B07C9000241F13 /* Release */ = {
			isa = XCBuildConfiguration;
			buildSettings = {
				ALWAYS_SEARCH_USER_PATHS = NO;
				CLANG_ANALYZER_NONNULL = YES;
				CLANG_ANALYZER_NUMBER_OBJECT_CONVERSION = YES_AGGRESSIVE;
				CLANG_CXX_LANGUAGE_STANDARD = "gnu++14";
				CLANG_CXX_LIBRARY = "libc++";
				CLANG_ENABLE_MODULES = YES;
				CLANG_ENABLE_OBJC_ARC = YES;
				CLANG_ENABLE_OBJC_WEAK = YES;
				CLANG_WARN_BLOCK_CAPTURE_AUTORELEASING = YES;
				CLANG_WARN_BOOL_CONVERSION = YES;
				CLANG_WARN_COMMA = YES;
				CLANG_WARN_CONSTANT_CONVERSION = YES;
				CLANG_WARN_DEPRECATED_OBJC_IMPLEMENTATIONS = YES;
				CLANG_WARN_DIRECT_OBJC_ISA_USAGE = YES_ERROR;
				CLANG_WARN_DOCUMENTATION_COMMENTS = YES;
				CLANG_WARN_EMPTY_BODY = YES;
				CLANG_WARN_ENUM_CONVERSION = YES;
				CLANG_WARN_INFINITE_RECURSION = YES;
				CLANG_WARN_INT_CONVERSION = YES;
				CLANG_WARN_NON_LITERAL_NULL_CONVERSION = YES;
				CLANG_WARN_OBJC_IMPLICIT_RETAIN_SELF = YES;
				CLANG_WARN_OBJC_LITERAL_CONVERSION = YES;
				CLANG_WARN_OBJC_ROOT_CLASS = YES_ERROR;
				CLANG_WARN_QUOTED_INCLUDE_IN_FRAMEWORK_HEADER = YES;
				CLANG_WARN_RANGE_LOOP_ANALYSIS = YES;
				CLANG_WARN_STRICT_PROTOTYPES = YES;
				CLANG_WARN_SUSPICIOUS_MOVE = YES;
				CLANG_WARN_UNGUARDED_AVAILABILITY = YES_AGGRESSIVE;
				CLANG_WARN_UNREACHABLE_CODE = YES;
				CLANG_WARN__DUPLICATE_METHOD_MATCH = YES;
				COPY_PHASE_STRIP = NO;
				DEBUG_INFORMATION_FORMAT = "dwarf-with-dsym";
				ENABLE_NS_ASSERTIONS = NO;
				ENABLE_STRICT_OBJC_MSGSEND = YES;
				GCC_C_LANGUAGE_STANDARD = gnu11;
				GCC_NO_COMMON_BLOCKS = YES;
				GCC_WARN_64_TO_32_BIT_CONVERSION = YES;
				GCC_WARN_ABOUT_RETURN_TYPE = YES_ERROR;
				GCC_WARN_UNDECLARED_SELECTOR = YES;
				GCC_WARN_UNINITIALIZED_AUTOS = YES_AGGRESSIVE;
				GCC_WARN_UNUSED_FUNCTION = YES;
				GCC_WARN_UNUSED_VARIABLE = YES;
				IPHONEOS_DEPLOYMENT_TARGET = 14.5;
				MTL_ENABLE_DEBUG_INFO = NO;
				MTL_FAST_MATH = YES;
				SDKROOT = iphoneos;
				SWIFT_COMPILATION_MODE = wholemodule;
				SWIFT_OPTIMIZATION_LEVEL = "-O";
				VALIDATE_PRODUCT = YES;
			};
			name = Release;
		};
		CDF28FA026B07C9000241F13 /* Debug */ = {
			isa = XCBuildConfiguration;
			buildSettings = {
				ASSETCATALOG_COMPILER_APPICON_NAME = AppIcon;
				ASSETCATALOG_COMPILER_GLOBAL_ACCENT_COLOR_NAME = AccentColor;
				CODE_SIGN_STYLE = Automatic;
				DEVELOPMENT_TEAM = 76N3ST5C2U;
				INFOPLIST_FILE = ProjectClothes/Info.plist;
				LD_RUNPATH_SEARCH_PATHS = (
					"$(inherited)",
					"@executable_path/Frameworks",
				);
				PRODUCT_BUNDLE_IDENTIFIER = me.DeveloperAcademy.ProjectClothes;
				PRODUCT_NAME = "$(TARGET_NAME)";
				SWIFT_VERSION = 5.0;
				TARGETED_DEVICE_FAMILY = "1,2";
			};
			name = Debug;
		};
		CDF28FA126B07C9000241F13 /* Release */ = {
			isa = XCBuildConfiguration;
			buildSettings = {
				ASSETCATALOG_COMPILER_APPICON_NAME = AppIcon;
				ASSETCATALOG_COMPILER_GLOBAL_ACCENT_COLOR_NAME = AccentColor;
				CODE_SIGN_STYLE = Automatic;
				DEVELOPMENT_TEAM = 76N3ST5C2U;
				INFOPLIST_FILE = ProjectClothes/Info.plist;
				LD_RUNPATH_SEARCH_PATHS = (
					"$(inherited)",
					"@executable_path/Frameworks",
				);
				PRODUCT_BUNDLE_IDENTIFIER = me.DeveloperAcademy.ProjectClothes;
				PRODUCT_NAME = "$(TARGET_NAME)";
				SWIFT_VERSION = 5.0;
				TARGETED_DEVICE_FAMILY = "1,2";
			};
			name = Release;
		};
/* End XCBuildConfiguration section */

/* Begin XCConfigurationList section */
		CDF28F8626B07C8C00241F13 /* Build configuration list for PBXProject "ProjectClothes" */ = {
			isa = XCConfigurationList;
			buildConfigurations = (
				CDF28F9D26B07C9000241F13 /* Debug */,
				CDF28F9E26B07C9000241F13 /* Release */,
			);
			defaultConfigurationIsVisible = 0;
			defaultConfigurationName = Release;
		};
		CDF28F9F26B07C9000241F13 /* Build configuration list for PBXNativeTarget "ProjectClothes" */ = {
			isa = XCConfigurationList;
			buildConfigurations = (
				CDF28FA026B07C9000241F13 /* Debug */,
				CDF28FA126B07C9000241F13 /* Release */,
			);
			defaultConfigurationIsVisible = 0;
			defaultConfigurationName = Release;
		};
/* End XCConfigurationList section */
	};
	rootObject = CDF28F8326B07C8C00241F13 /* Project object */;
}
